
Microsoft Visual Studio Solution File, Format Version 12.00
# Visual Studio 15
VisualStudioVersion = 15.0.26430.12
MinimumVisualStudioVersion = 10.0.40219.1
Project("{FAE04EC0-301F-11D3-BF4B-00C04F79EFBC}") = "BooksSample", "BooksSample\BooksSample.csproj", "{8B2F8CF8-014B-481A-9710-52D40880ABB4}"
EndProject
Project("{9A19103F-16F7-4668-BE54-9A1E7A4F7556}") = "BooksLib", "BooksLib\BooksLib.csproj", "{99243F48-D931-465F-9F84-DD94D70BFE40}"
EndProject
Project("{9A19103F-16F7-4668-BE54-9A1E7A4F7556}") = "TheBestMVVMFrameworkInTown", "TheBestMVVMFrameworkInTown\TheBestMVVMFrameworkInTown.csproj", "{B50425E3-F10A-4260-A042-6DD1F91D8314}"
EndProject
Project("{2150E333-8FDC-42A3-9474-1A3956D46DE8}") = "Client", "Client", "{D99E0490-32EA-4F64-923E-2273385D281C}"
EndProject
Project("{2150E333-8FDC-42A3-9474-1A3956D46DE8}") = "Server", "Server", "{EC004C18-F16A-44F3-B3A1-3DB22037FC4C}"
EndProject
Project("{FAE04EC0-301F-11D3-BF4B-00C04F79EFBC}") = "ServerBooksLib", "ServerBooksLib\ServerBooksLib.csproj", "{5AF5BF85-694C-4AA0-A2E1-77A1F6572BF5}"
EndProject
Project("{FAE04EC0-301F-11D3-BF4B-00C04F79EFBC}") = "TestBooksDBLib", "TestBooksDBLib\TestBooksDBLib.csproj", "{8191C06C-E4C3-4F80-A163-46DD3BD5D028}"
EndProject
Project("{FAE04EC0-301F-11D3-BF4B-00C04F79EFBC}") = "BooksLib.Tests", "BooksLib.Tests\BooksLib.Tests.csproj", "{2718534B-EEA5-46EF-BDEA-CCBA52C99157}"
EndProject
Project("{FAE04EC0-301F-11D3-BF4B-00C04F79EFBC}") = "BooksService", "BooksService\BooksService.csproj", "{A4B69D20-899B-46A1-A026-F4C9A3728F3E}"
EndProject
Project("{FAE04EC0-301F-11D3-BF4B-00C04F79EFBC}") = "WPFBooksClient", "WPFBooksClient\WPFBooksClient.csproj", "{CAD20A4D-DAF4-4C7C-8D37-A32B551EA343}"
EndProject
Project("{2150E333-8FDC-42A3-9474-1A3956D46DE8}") = "XamarinClient", "XamarinClient", "{7A0EB8B0-2BCD-4093-8E55-909DF7F6597B}"
EndProject
Project("{D954291E-2A0B-460D-934E-DC6B0785DB48}") = "XamarinBooksClient", "XamarinBooksClient\XamarinBooksClient\XamarinBooksClient.shproj", "{C4A368F3-9E26-4730-BAF4-5B818ED232F6}"
EndProject
Project("{FAE04EC0-301F-11D3-BF4B-00C04F79EFBC}") = "XamarinBooksClient.Android", "XamarinBooksClient\XamarinBooksClient.Android\XamarinBooksClient.Android.csproj", "{BE75AE1E-51FE-41D5-B72D-B1BB68CEE7DD}"
EndProject
Project("{FAE04EC0-301F-11D3-BF4B-00C04F79EFBC}") = "XamarinBooksClient.UWP", "XamarinBooksClient\XamarinBooksClient.UWP\XamarinBooksClient.UWP.csproj", "{1C2CAF13-901F-4345-9601-7915C5FF72AD}"
EndProject
Global
	GlobalSection(SharedMSBuildProjectFiles) = preSolution
		XamarinBooksClient\XamarinBooksClient\XamarinBooksClient.projitems*{1c2caf13-901f-4345-9601-7915c5ff72ad}*SharedItemsImports = 4
		XamarinBooksClient\XamarinBooksClient\XamarinBooksClient.projitems*{be75ae1e-51fe-41d5-b72d-b1bb68cee7dd}*SharedItemsImports = 4
		XamarinBooksClient\XamarinBooksClient\XamarinBooksClient.projitems*{c4a368f3-9e26-4730-baf4-5b818ed232f6}*SharedItemsImports = 13
	EndGlobalSection
	GlobalSection(SolutionConfigurationPlatforms) = preSolution
		Ad-Hoc|Any CPU = Ad-Hoc|Any CPU
		Ad-Hoc|ARM = Ad-Hoc|ARM
		Ad-Hoc|iPhone = Ad-Hoc|iPhone
		Ad-Hoc|iPhoneSimulator = Ad-Hoc|iPhoneSimulator
		Ad-Hoc|x64 = Ad-Hoc|x64
		Ad-Hoc|x86 = Ad-Hoc|x86
		AppStore|Any CPU = AppStore|Any CPU
		AppStore|ARM = AppStore|ARM
		AppStore|iPhone = AppStore|iPhone
		AppStore|iPhoneSimulator = AppStore|iPhoneSimulator
		AppStore|x64 = AppStore|x64
		AppStore|x86 = AppStore|x86
		Debug|Any CPU = Debug|Any CPU
		Debug|ARM = Debug|ARM
		Debug|iPhone = Debug|iPhone
		Debug|iPhoneSimulator = Debug|iPhoneSimulator
		Debug|x64 = Debug|x64
		Debug|x86 = Debug|x86
		Release|Any CPU = Release|Any CPU
		Release|ARM = Release|ARM
		Release|iPhone = Release|iPhone
		Release|iPhoneSimulator = Release|iPhoneSimulator
		Release|x64 = Release|x64
		Release|x86 = Release|x86
	EndGlobalSection
	GlobalSection(ProjectConfigurationPlatforms) = postSolution
		{8B2F8CF8-014B-481A-9710-52D40880ABB4}.Ad-Hoc|Any CPU.ActiveCfg = Release|x64
		{8B2F8CF8-014B-481A-9710-52D40880ABB4}.Ad-Hoc|Any CPU.Build.0 = Release|x64
		{8B2F8CF8-014B-481A-9710-52D40880ABB4}.Ad-Hoc|Any CPU.Deploy.0 = Release|x64
		{8B2F8CF8-014B-481A-9710-52D40880ABB4}.Ad-Hoc|ARM.ActiveCfg = Release|ARM
		{8B2F8CF8-014B-481A-9710-52D40880ABB4}.Ad-Hoc|ARM.Build.0 = Release|ARM
		{8B2F8CF8-014B-481A-9710-52D40880ABB4}.Ad-Hoc|ARM.Deploy.0 = Release|ARM
		{8B2F8CF8-014B-481A-9710-52D40880ABB4}.Ad-Hoc|iPhone.ActiveCfg = Release|x64
		{8B2F8CF8-014B-481A-9710-52D40880ABB4}.Ad-Hoc|iPhone.Build.0 = Release|x64
		{8B2F8CF8-014B-481A-9710-52D40880ABB4}.Ad-Hoc|iPhone.Deploy.0 = Release|x64
		{8B2F8CF8-014B-481A-9710-52D40880ABB4}.Ad-Hoc|iPhoneSimulator.ActiveCfg = Release|x64
		{8B2F8CF8-014B-481A-9710-52D40880ABB4}.Ad-Hoc|iPhoneSimulator.Build.0 = Release|x64
		{8B2F8CF8-014B-481A-9710-52D40880ABB4}.Ad-Hoc|iPhoneSimulator.Deploy.0 = Release|x64
		{8B2F8CF8-014B-481A-9710-52D40880ABB4}.Ad-Hoc|x64.ActiveCfg = Release|x64
		{8B2F8CF8-014B-481A-9710-52D40880ABB4}.Ad-Hoc|x64.Build.0 = Release|x64
		{8B2F8CF8-014B-481A-9710-52D40880ABB4}.Ad-Hoc|x64.Deploy.0 = Release|x64
		{8B2F8CF8-014B-481A-9710-52D40880ABB4}.Ad-Hoc|x86.ActiveCfg = Release|x86
		{8B2F8CF8-014B-481A-9710-52D40880ABB4}.Ad-Hoc|x86.Build.0 = Release|x86
		{8B2F8CF8-014B-481A-9710-52D40880ABB4}.Ad-Hoc|x86.Deploy.0 = Release|x86
		{8B2F8CF8-014B-481A-9710-52D40880ABB4}.AppStore|Any CPU.ActiveCfg = Release|x64
		{8B2F8CF8-014B-481A-9710-52D40880ABB4}.AppStore|Any CPU.Build.0 = Release|x64
		{8B2F8CF8-014B-481A-9710-52D40880ABB4}.AppStore|Any CPU.Deploy.0 = Release|x64
		{8B2F8CF8-014B-481A-9710-52D40880ABB4}.AppStore|ARM.ActiveCfg = Release|ARM
		{8B2F8CF8-014B-481A-9710-52D40880ABB4}.AppStore|ARM.Build.0 = Release|ARM
		{8B2F8CF8-014B-481A-9710-52D40880ABB4}.AppStore|ARM.Deploy.0 = Release|ARM
		{8B2F8CF8-014B-481A-9710-52D40880ABB4}.AppStore|iPhone.ActiveCfg = Release|x64
		{8B2F8CF8-014B-481A-9710-52D40880ABB4}.AppStore|iPhone.Build.0 = Release|x64
		{8B2F8CF8-014B-481A-9710-52D40880ABB4}.AppStore|iPhone.Deploy.0 = Release|x64
		{8B2F8CF8-014B-481A-9710-52D40880ABB4}.AppStore|iPhoneSimulator.ActiveCfg = Release|x64
		{8B2F8CF8-014B-481A-9710-52D40880ABB4}.AppStore|iPhoneSimulator.Build.0 = Release|x64
		{8B2F8CF8-014B-481A-9710-52D40880ABB4}.AppStore|iPhoneSimulator.Deploy.0 = Release|x64
		{8B2F8CF8-014B-481A-9710-52D40880ABB4}.AppStore|x64.ActiveCfg = Release|x64
		{8B2F8CF8-014B-481A-9710-52D40880ABB4}.AppStore|x64.Build.0 = Release|x64
		{8B2F8CF8-014B-481A-9710-52D40880ABB4}.AppStore|x64.Deploy.0 = Release|x64
		{8B2F8CF8-014B-481A-9710-52D40880ABB4}.AppStore|x86.ActiveCfg = Release|x86
		{8B2F8CF8-014B-481A-9710-52D40880ABB4}.AppStore|x86.Build.0 = Release|x86
		{8B2F8CF8-014B-481A-9710-52D40880ABB4}.AppStore|x86.Deploy.0 = Release|x86
		{8B2F8CF8-014B-481A-9710-52D40880ABB4}.Debug|Any CPU.ActiveCfg = Debug|x86
		{8B2F8CF8-014B-481A-9710-52D40880ABB4}.Debug|ARM.ActiveCfg = Debug|ARM
		{8B2F8CF8-014B-481A-9710-52D40880ABB4}.Debug|ARM.Build.0 = Debug|ARM
		{8B2F8CF8-014B-481A-9710-52D40880ABB4}.Debug|ARM.Deploy.0 = Debug|ARM
		{8B2F8CF8-014B-481A-9710-52D40880ABB4}.Debug|iPhone.ActiveCfg = Debug|x86
		{8B2F8CF8-014B-481A-9710-52D40880ABB4}.Debug|iPhoneSimulator.ActiveCfg = Debug|x86
		{8B2F8CF8-014B-481A-9710-52D40880ABB4}.Debug|x64.ActiveCfg = Debug|x64
		{8B2F8CF8-014B-481A-9710-52D40880ABB4}.Debug|x64.Build.0 = Debug|x64
		{8B2F8CF8-014B-481A-9710-52D40880ABB4}.Debug|x64.Deploy.0 = Debug|x64
		{8B2F8CF8-014B-481A-9710-52D40880ABB4}.Debug|x86.ActiveCfg = Debug|x86
		{8B2F8CF8-014B-481A-9710-52D40880ABB4}.Debug|x86.Build.0 = Debug|x86
		{8B2F8CF8-014B-481A-9710-52D40880ABB4}.Debug|x86.Deploy.0 = Debug|x86
		{8B2F8CF8-014B-481A-9710-52D40880ABB4}.Release|Any CPU.ActiveCfg = Release|x86
		{8B2F8CF8-014B-481A-9710-52D40880ABB4}.Release|ARM.ActiveCfg = Release|ARM
		{8B2F8CF8-014B-481A-9710-52D40880ABB4}.Release|ARM.Build.0 = Release|ARM
		{8B2F8CF8-014B-481A-9710-52D40880ABB4}.Release|ARM.Deploy.0 = Release|ARM
		{8B2F8CF8-014B-481A-9710-52D40880ABB4}.Release|iPhone.ActiveCfg = Release|x86
		{8B2F8CF8-014B-481A-9710-52D40880ABB4}.Release|iPhoneSimulator.ActiveCfg = Release|x86
		{8B2F8CF8-014B-481A-9710-52D40880ABB4}.Release|x64.ActiveCfg = Release|x64
		{8B2F8CF8-014B-481A-9710-52D40880ABB4}.Release|x64.Build.0 = Release|x64
		{8B2F8CF8-014B-481A-9710-52D40880ABB4}.Release|x64.Deploy.0 = Release|x64
		{8B2F8CF8-014B-481A-9710-52D40880ABB4}.Release|x86.ActiveCfg = Release|x86
		{8B2F8CF8-014B-481A-9710-52D40880ABB4}.Release|x86.Build.0 = Release|x86
		{8B2F8CF8-014B-481A-9710-52D40880ABB4}.Release|x86.Deploy.0 = Release|x86
		{99243F48-D931-465F-9F84-DD94D70BFE40}.Ad-Hoc|Any CPU.ActiveCfg = Release|Any CPU
		{99243F48-D931-465F-9F84-DD94D70BFE40}.Ad-Hoc|Any CPU.Build.0 = Release|Any CPU
		{99243F48-D931-465F-9F84-DD94D70BFE40}.Ad-Hoc|ARM.ActiveCfg = Release|Any CPU
		{99243F48-D931-465F-9F84-DD94D70BFE40}.Ad-Hoc|ARM.Build.0 = Release|Any CPU
		{99243F48-D931-465F-9F84-DD94D70BFE40}.Ad-Hoc|iPhone.ActiveCfg = Release|Any CPU
		{99243F48-D931-465F-9F84-DD94D70BFE40}.Ad-Hoc|iPhone.Build.0 = Release|Any CPU
		{99243F48-D931-465F-9F84-DD94D70BFE40}.Ad-Hoc|iPhoneSimulator.ActiveCfg = Release|Any CPU
		{99243F48-D931-465F-9F84-DD94D70BFE40}.Ad-Hoc|iPhoneSimulator.Build.0 = Release|Any CPU
		{99243F48-D931-465F-9F84-DD94D70BFE40}.Ad-Hoc|x64.ActiveCfg = Release|Any CPU
		{99243F48-D931-465F-9F84-DD94D70BFE40}.Ad-Hoc|x64.Build.0 = Release|Any CPU
		{99243F48-D931-465F-9F84-DD94D70BFE40}.Ad-Hoc|x86.ActiveCfg = Release|Any CPU
		{99243F48-D931-465F-9F84-DD94D70BFE40}.Ad-Hoc|x86.Build.0 = Release|Any CPU
		{99243F48-D931-465F-9F84-DD94D70BFE40}.AppStore|Any CPU.ActiveCfg = Release|Any CPU
		{99243F48-D931-465F-9F84-DD94D70BFE40}.AppStore|Any CPU.Build.0 = Release|Any CPU
		{99243F48-D931-465F-9F84-DD94D70BFE40}.AppStore|ARM.ActiveCfg = Release|Any CPU
		{99243F48-D931-465F-9F84-DD94D70BFE40}.AppStore|ARM.Build.0 = Release|Any CPU
		{99243F48-D931-465F-9F84-DD94D70BFE40}.AppStore|iPhone.ActiveCfg = Release|Any CPU
		{99243F48-D931-465F-9F84-DD94D70BFE40}.AppStore|iPhone.Build.0 = Release|Any CPU
		{99243F48-D931-465F-9F84-DD94D70BFE40}.AppStore|iPhoneSimulator.ActiveCfg = Release|Any CPU
		{99243F48-D931-465F-9F84-DD94D70BFE40}.AppStore|iPhoneSimulator.Build.0 = Release|Any CPU
		{99243F48-D931-465F-9F84-DD94D70BFE40}.AppStore|x64.ActiveCfg = Release|Any CPU
		{99243F48-D931-465F-9F84-DD94D70BFE40}.AppStore|x64.Build.0 = Release|Any CPU
		{99243F48-D931-465F-9F84-DD94D70BFE40}.AppStore|x86.ActiveCfg = Release|Any CPU
		{99243F48-D931-465F-9F84-DD94D70BFE40}.AppStore|x86.Build.0 = Release|Any CPU
		{99243F48-D931-465F-9F84-DD94D70BFE40}.Debug|Any CPU.ActiveCfg = Debug|Any CPU
		{99243F48-D931-465F-9F84-DD94D70BFE40}.Debug|Any CPU.Build.0 = Debug|Any CPU
		{99243F48-D931-465F-9F84-DD94D70BFE40}.Debug|ARM.ActiveCfg = Debug|Any CPU
		{99243F48-D931-465F-9F84-DD94D70BFE40}.Debug|ARM.Build.0 = Debug|Any CPU
		{99243F48-D931-465F-9F84-DD94D70BFE40}.Debug|iPhone.ActiveCfg = Debug|Any CPU
		{99243F48-D931-465F-9F84-DD94D70BFE40}.Debug|iPhone.Build.0 = Debug|Any CPU
		{99243F48-D931-465F-9F84-DD94D70BFE40}.Debug|iPhoneSimulator.ActiveCfg = Debug|Any CPU
		{99243F48-D931-465F-9F84-DD94D70BFE40}.Debug|iPhoneSimulator.Build.0 = Debug|Any CPU
		{99243F48-D931-465F-9F84-DD94D70BFE40}.Debug|x64.ActiveCfg = Debug|Any CPU
		{99243F48-D931-465F-9F84-DD94D70BFE40}.Debug|x64.Build.0 = Debug|Any CPU
		{99243F48-D931-465F-9F84-DD94D70BFE40}.Debug|x86.ActiveCfg = Debug|Any CPU
		{99243F48-D931-465F-9F84-DD94D70BFE40}.Debug|x86.Build.0 = Debug|Any CPU
		{99243F48-D931-465F-9F84-DD94D70BFE40}.Release|Any CPU.ActiveCfg = Release|Any CPU
		{99243F48-D931-465F-9F84-DD94D70BFE40}.Release|Any CPU.Build.0 = Release|Any CPU
		{99243F48-D931-465F-9F84-DD94D70BFE40}.Release|ARM.ActiveCfg = Release|Any CPU
		{99243F48-D931-465F-9F84-DD94D70BFE40}.Release|ARM.Build.0 = Release|Any CPU
		{99243F48-D931-465F-9F84-DD94D70BFE40}.Release|iPhone.ActiveCfg = Release|Any CPU
		{99243F48-D931-465F-9F84-DD94D70BFE40}.Release|iPhone.Build.0 = Release|Any CPU
		{99243F48-D931-465F-9F84-DD94D70BFE40}.Release|iPhoneSimulator.ActiveCfg = Release|Any CPU
		{99243F48-D931-465F-9F84-DD94D70BFE40}.Release|iPhoneSimulator.Build.0 = Release|Any CPU
		{99243F48-D931-465F-9F84-DD94D70BFE40}.Release|x64.ActiveCfg = Release|Any CPU
		{99243F48-D931-465F-9F84-DD94D70BFE40}.Release|x64.Build.0 = Release|Any CPU
		{99243F48-D931-465F-9F84-DD94D70BFE40}.Release|x86.ActiveCfg = Release|Any CPU
		{99243F48-D931-465F-9F84-DD94D70BFE40}.Release|x86.Build.0 = Release|Any CPU
		{B50425E3-F10A-4260-A042-6DD1F91D8314}.Ad-Hoc|Any CPU.ActiveCfg = Release|Any CPU
		{B50425E3-F10A-4260-A042-6DD1F91D8314}.Ad-Hoc|Any CPU.Build.0 = Release|Any CPU
		{B50425E3-F10A-4260-A042-6DD1F91D8314}.Ad-Hoc|ARM.ActiveCfg = Release|Any CPU
		{B50425E3-F10A-4260-A042-6DD1F91D8314}.Ad-Hoc|ARM.Build.0 = Release|Any CPU
		{B50425E3-F10A-4260-A042-6DD1F91D8314}.Ad-Hoc|iPhone.ActiveCfg = Release|Any CPU
		{B50425E3-F10A-4260-A042-6DD1F91D8314}.Ad-Hoc|iPhone.Build.0 = Release|Any CPU
		{B50425E3-F10A-4260-A042-6DD1F91D8314}.Ad-Hoc|iPhoneSimulator.ActiveCfg = Release|Any CPU
		{B50425E3-F10A-4260-A042-6DD1F91D8314}.Ad-Hoc|iPhoneSimulator.Build.0 = Release|Any CPU
		{B50425E3-F10A-4260-A042-6DD1F91D8314}.Ad-Hoc|x64.ActiveCfg = Release|Any CPU
		{B50425E3-F10A-4260-A042-6DD1F91D8314}.Ad-Hoc|x64.Build.0 = Release|Any CPU
		{B50425E3-F10A-4260-A042-6DD1F91D8314}.Ad-Hoc|x86.ActiveCfg = Release|Any CPU
		{B50425E3-F10A-4260-A042-6DD1F91D8314}.Ad-Hoc|x86.Build.0 = Release|Any CPU
		{B50425E3-F10A-4260-A042-6DD1F91D8314}.AppStore|Any CPU.ActiveCfg = Release|Any CPU
		{B50425E3-F10A-4260-A042-6DD1F91D8314}.AppStore|Any CPU.Build.0 = Release|Any CPU
		{B50425E3-F10A-4260-A042-6DD1F91D8314}.AppStore|ARM.ActiveCfg = Release|Any CPU
		{B50425E3-F10A-4260-A042-6DD1F91D8314}.AppStore|ARM.Build.0 = Release|Any CPU
		{B50425E3-F10A-4260-A042-6DD1F91D8314}.AppStore|iPhone.ActiveCfg = Release|Any CPU
		{B50425E3-F10A-4260-A042-6DD1F91D8314}.AppStore|iPhone.Build.0 = Release|Any CPU
		{B50425E3-F10A-4260-A042-6DD1F91D8314}.AppStore|iPhoneSimulator.ActiveCfg = Release|Any CPU
		{B50425E3-F10A-4260-A042-6DD1F91D8314}.AppStore|iPhoneSimulator.Build.0 = Release|Any CPU
		{B50425E3-F10A-4260-A042-6DD1F91D8314}.AppStore|x64.ActiveCfg = Release|Any CPU
		{B50425E3-F10A-4260-A042-6DD1F91D8314}.AppStore|x64.Build.0 = Release|Any CPU
		{B50425E3-F10A-4260-A042-6DD1F91D8314}.AppStore|x86.ActiveCfg = Release|Any CPU
		{B50425E3-F10A-4260-A042-6DD1F91D8314}.AppStore|x86.Build.0 = Release|Any CPU
		{B50425E3-F10A-4260-A042-6DD1F91D8314}.Debug|Any CPU.ActiveCfg = Debug|Any CPU
		{B50425E3-F10A-4260-A042-6DD1F91D8314}.Debug|Any CPU.Build.0 = Debug|Any CPU
		{B50425E3-F10A-4260-A042-6DD1F91D8314}.Debug|ARM.ActiveCfg = Debug|Any CPU
		{B50425E3-F10A-4260-A042-6DD1F91D8314}.Debug|ARM.Build.0 = Debug|Any CPU
		{B50425E3-F10A-4260-A042-6DD1F91D8314}.Debug|iPhone.ActiveCfg = Debug|Any CPU
		{B50425E3-F10A-4260-A042-6DD1F91D8314}.Debug|iPhone.Build.0 = Debug|Any CPU
		{B50425E3-F10A-4260-A042-6DD1F91D8314}.Debug|iPhoneSimulator.ActiveCfg = Debug|Any CPU
		{B50425E3-F10A-4260-A042-6DD1F91D8314}.Debug|iPhoneSimulator.Build.0 = Debug|Any CPU
		{B50425E3-F10A-4260-A042-6DD1F91D8314}.Debug|x64.ActiveCfg = Debug|Any CPU
		{B50425E3-F10A-4260-A042-6DD1F91D8314}.Debug|x64.Build.0 = Debug|Any CPU
		{B50425E3-F10A-4260-A042-6DD1F91D8314}.Debug|x86.ActiveCfg = Debug|Any CPU
		{B50425E3-F10A-4260-A042-6DD1F91D8314}.Debug|x86.Build.0 = Debug|Any CPU
		{B50425E3-F10A-4260-A042-6DD1F91D8314}.Release|Any CPU.ActiveCfg = Release|Any CPU
		{B50425E3-F10A-4260-A042-6DD1F91D8314}.Release|Any CPU.Build.0 = Release|Any CPU
		{B50425E3-F10A-4260-A042-6DD1F91D8314}.Release|ARM.ActiveCfg = Release|Any CPU
		{B50425E3-F10A-4260-A042-6DD1F91D8314}.Release|ARM.Build.0 = Release|Any CPU
		{B50425E3-F10A-4260-A042-6DD1F91D8314}.Release|iPhone.ActiveCfg = Release|Any CPU
		{B50425E3-F10A-4260-A042-6DD1F91D8314}.Release|iPhone.Build.0 = Release|Any CPU
		{B50425E3-F10A-4260-A042-6DD1F91D8314}.Release|iPhoneSimulator.ActiveCfg = Release|Any CPU
		{B50425E3-F10A-4260-A042-6DD1F91D8314}.Release|iPhoneSimulator.Build.0 = Release|Any CPU
		{B50425E3-F10A-4260-A042-6DD1F91D8314}.Release|x64.ActiveCfg = Release|Any CPU
		{B50425E3-F10A-4260-A042-6DD1F91D8314}.Release|x64.Build.0 = Release|Any CPU
		{B50425E3-F10A-4260-A042-6DD1F91D8314}.Release|x86.ActiveCfg = Release|Any CPU
		{B50425E3-F10A-4260-A042-6DD1F91D8314}.Release|x86.Build.0 = Release|Any CPU
		{5AF5BF85-694C-4AA0-A2E1-77A1F6572BF5}.Ad-Hoc|Any CPU.ActiveCfg = Release|Any CPU
		{5AF5BF85-694C-4AA0-A2E1-77A1F6572BF5}.Ad-Hoc|Any CPU.Build.0 = Release|Any CPU
		{5AF5BF85-694C-4AA0-A2E1-77A1F6572BF5}.Ad-Hoc|ARM.ActiveCfg = Release|Any CPU
		{5AF5BF85-694C-4AA0-A2E1-77A1F6572BF5}.Ad-Hoc|ARM.Build.0 = Release|Any CPU
		{5AF5BF85-694C-4AA0-A2E1-77A1F6572BF5}.Ad-Hoc|iPhone.ActiveCfg = Release|Any CPU
		{5AF5BF85-694C-4AA0-A2E1-77A1F6572BF5}.Ad-Hoc|iPhone.Build.0 = Release|Any CPU
		{5AF5BF85-694C-4AA0-A2E1-77A1F6572BF5}.Ad-Hoc|iPhoneSimulator.ActiveCfg = Release|Any CPU
		{5AF5BF85-694C-4AA0-A2E1-77A1F6572BF5}.Ad-Hoc|iPhoneSimulator.Build.0 = Release|Any CPU
		{5AF5BF85-694C-4AA0-A2E1-77A1F6572BF5}.Ad-Hoc|x64.ActiveCfg = Release|Any CPU
		{5AF5BF85-694C-4AA0-A2E1-77A1F6572BF5}.Ad-Hoc|x64.Build.0 = Release|Any CPU
		{5AF5BF85-694C-4AA0-A2E1-77A1F6572BF5}.Ad-Hoc|x86.ActiveCfg = Release|Any CPU
		{5AF5BF85-694C-4AA0-A2E1-77A1F6572BF5}.Ad-Hoc|x86.Build.0 = Release|Any CPU
		{5AF5BF85-694C-4AA0-A2E1-77A1F6572BF5}.AppStore|Any CPU.ActiveCfg = Release|Any CPU
		{5AF5BF85-694C-4AA0-A2E1-77A1F6572BF5}.AppStore|Any CPU.Build.0 = Release|Any CPU
		{5AF5BF85-694C-4AA0-A2E1-77A1F6572BF5}.AppStore|ARM.ActiveCfg = Release|Any CPU
		{5AF5BF85-694C-4AA0-A2E1-77A1F6572BF5}.AppStore|ARM.Build.0 = Release|Any CPU
		{5AF5BF85-694C-4AA0-A2E1-77A1F6572BF5}.AppStore|iPhone.ActiveCfg = Release|Any CPU
		{5AF5BF85-694C-4AA0-A2E1-77A1F6572BF5}.AppStore|iPhone.Build.0 = Release|Any CPU
		{5AF5BF85-694C-4AA0-A2E1-77A1F6572BF5}.AppStore|iPhoneSimulator.ActiveCfg = Release|Any CPU
		{5AF5BF85-694C-4AA0-A2E1-77A1F6572BF5}.AppStore|iPhoneSimulator.Build.0 = Release|Any CPU
		{5AF5BF85-694C-4AA0-A2E1-77A1F6572BF5}.AppStore|x64.ActiveCfg = Release|Any CPU
		{5AF5BF85-694C-4AA0-A2E1-77A1F6572BF5}.AppStore|x64.Build.0 = Release|Any CPU
		{5AF5BF85-694C-4AA0-A2E1-77A1F6572BF5}.AppStore|x86.ActiveCfg = Release|Any CPU
		{5AF5BF85-694C-4AA0-A2E1-77A1F6572BF5}.AppStore|x86.Build.0 = Release|Any CPU
		{5AF5BF85-694C-4AA0-A2E1-77A1F6572BF5}.Debug|Any CPU.ActiveCfg = Debug|Any CPU
		{5AF5BF85-694C-4AA0-A2E1-77A1F6572BF5}.Debug|Any CPU.Build.0 = Debug|Any CPU
		{5AF5BF85-694C-4AA0-A2E1-77A1F6572BF5}.Debug|ARM.ActiveCfg = Debug|Any CPU
		{5AF5BF85-694C-4AA0-A2E1-77A1F6572BF5}.Debug|ARM.Build.0 = Debug|Any CPU
		{5AF5BF85-694C-4AA0-A2E1-77A1F6572BF5}.Debug|iPhone.ActiveCfg = Debug|Any CPU
		{5AF5BF85-694C-4AA0-A2E1-77A1F6572BF5}.Debug|iPhone.Build.0 = Debug|Any CPU
		{5AF5BF85-694C-4AA0-A2E1-77A1F6572BF5}.Debug|iPhoneSimulator.ActiveCfg = Debug|Any CPU
		{5AF5BF85-694C-4AA0-A2E1-77A1F6572BF5}.Debug|iPhoneSimulator.Build.0 = Debug|Any CPU
		{5AF5BF85-694C-4AA0-A2E1-77A1F6572BF5}.Debug|x64.ActiveCfg = Debug|Any CPU
		{5AF5BF85-694C-4AA0-A2E1-77A1F6572BF5}.Debug|x64.Build.0 = Debug|Any CPU
		{5AF5BF85-694C-4AA0-A2E1-77A1F6572BF5}.Debug|x86.ActiveCfg = Debug|Any CPU
		{5AF5BF85-694C-4AA0-A2E1-77A1F6572BF5}.Debug|x86.Build.0 = Debug|Any CPU
		{5AF5BF85-694C-4AA0-A2E1-77A1F6572BF5}.Release|Any CPU.ActiveCfg = Release|Any CPU
		{5AF5BF85-694C-4AA0-A2E1-77A1F6572BF5}.Release|Any CPU.Build.0 = Release|Any CPU
		{5AF5BF85-694C-4AA0-A2E1-77A1F6572BF5}.Release|ARM.ActiveCfg = Release|Any CPU
		{5AF5BF85-694C-4AA0-A2E1-77A1F6572BF5}.Release|ARM.Build.0 = Release|Any CPU
		{5AF5BF85-694C-4AA0-A2E1-77A1F6572BF5}.Release|iPhone.ActiveCfg = Release|Any CPU
		{5AF5BF85-694C-4AA0-A2E1-77A1F6572BF5}.Release|iPhone.Build.0 = Release|Any CPU
		{5AF5BF85-694C-4AA0-A2E1-77A1F6572BF5}.Release|iPhoneSimulator.ActiveCfg = Release|Any CPU
		{5AF5BF85-694C-4AA0-A2E1-77A1F6572BF5}.Release|iPhoneSimulator.Build.0 = Release|Any CPU
		{5AF5BF85-694C-4AA0-A2E1-77A1F6572BF5}.Release|x64.ActiveCfg = Release|Any CPU
		{5AF5BF85-694C-4AA0-A2E1-77A1F6572BF5}.Release|x64.Build.0 = Release|Any CPU
		{5AF5BF85-694C-4AA0-A2E1-77A1F6572BF5}.Release|x86.ActiveCfg = Release|Any CPU
		{5AF5BF85-694C-4AA0-A2E1-77A1F6572BF5}.Release|x86.Build.0 = Release|Any CPU
		{8191C06C-E4C3-4F80-A163-46DD3BD5D028}.Ad-Hoc|Any CPU.ActiveCfg = Release|Any CPU
		{8191C06C-E4C3-4F80-A163-46DD3BD5D028}.Ad-Hoc|Any CPU.Build.0 = Release|Any CPU
		{8191C06C-E4C3-4F80-A163-46DD3BD5D028}.Ad-Hoc|ARM.ActiveCfg = Release|Any CPU
		{8191C06C-E4C3-4F80-A163-46DD3BD5D028}.Ad-Hoc|ARM.Build.0 = Release|Any CPU
		{8191C06C-E4C3-4F80-A163-46DD3BD5D028}.Ad-Hoc|iPhone.ActiveCfg = Release|Any CPU
		{8191C06C-E4C3-4F80-A163-46DD3BD5D028}.Ad-Hoc|iPhone.Build.0 = Release|Any CPU
		{8191C06C-E4C3-4F80-A163-46DD3BD5D028}.Ad-Hoc|iPhoneSimulator.ActiveCfg = Release|Any CPU
		{8191C06C-E4C3-4F80-A163-46DD3BD5D028}.Ad-Hoc|iPhoneSimulator.Build.0 = Release|Any CPU
		{8191C06C-E4C3-4F80-A163-46DD3BD5D028}.Ad-Hoc|x64.ActiveCfg = Release|Any CPU
		{8191C06C-E4C3-4F80-A163-46DD3BD5D028}.Ad-Hoc|x64.Build.0 = Release|Any CPU
		{8191C06C-E4C3-4F80-A163-46DD3BD5D028}.Ad-Hoc|x86.ActiveCfg = Release|Any CPU
		{8191C06C-E4C3-4F80-A163-46DD3BD5D028}.Ad-Hoc|x86.Build.0 = Release|Any CPU
		{8191C06C-E4C3-4F80-A163-46DD3BD5D028}.AppStore|Any CPU.ActiveCfg = Release|Any CPU
		{8191C06C-E4C3-4F80-A163-46DD3BD5D028}.AppStore|Any CPU.Build.0 = Release|Any CPU
		{8191C06C-E4C3-4F80-A163-46DD3BD5D028}.AppStore|ARM.ActiveCfg = Release|Any CPU
		{8191C06C-E4C3-4F80-A163-46DD3BD5D028}.AppStore|ARM.Build.0 = Release|Any CPU
		{8191C06C-E4C3-4F80-A163-46DD3BD5D028}.AppStore|iPhone.ActiveCfg = Release|Any CPU
		{8191C06C-E4C3-4F80-A163-46DD3BD5D028}.AppStore|iPhone.Build.0 = Release|Any CPU
		{8191C06C-E4C3-4F80-A163-46DD3BD5D028}.AppStore|iPhoneSimulator.ActiveCfg = Release|Any CPU
		{8191C06C-E4C3-4F80-A163-46DD3BD5D028}.AppStore|iPhoneSimulator.Build.0 = Release|Any CPU
		{8191C06C-E4C3-4F80-A163-46DD3BD5D028}.AppStore|x64.ActiveCfg = Release|Any CPU
		{8191C06C-E4C3-4F80-A163-46DD3BD5D028}.AppStore|x64.Build.0 = Release|Any CPU
		{8191C06C-E4C3-4F80-A163-46DD3BD5D028}.AppStore|x86.ActiveCfg = Release|Any CPU
		{8191C06C-E4C3-4F80-A163-46DD3BD5D028}.AppStore|x86.Build.0 = Release|Any CPU
		{8191C06C-E4C3-4F80-A163-46DD3BD5D028}.Debug|Any CPU.ActiveCfg = Debug|Any CPU
		{8191C06C-E4C3-4F80-A163-46DD3BD5D028}.Debug|Any CPU.Build.0 = Debug|Any CPU
		{8191C06C-E4C3-4F80-A163-46DD3BD5D028}.Debug|ARM.ActiveCfg = Debug|Any CPU
		{8191C06C-E4C3-4F80-A163-46DD3BD5D028}.Debug|ARM.Build.0 = Debug|Any CPU
		{8191C06C-E4C3-4F80-A163-46DD3BD5D028}.Debug|iPhone.ActiveCfg = Debug|Any CPU
		{8191C06C-E4C3-4F80-A163-46DD3BD5D028}.Debug|iPhone.Build.0 = Debug|Any CPU
		{8191C06C-E4C3-4F80-A163-46DD3BD5D028}.Debug|iPhoneSimulator.ActiveCfg = Debug|Any CPU
		{8191C06C-E4C3-4F80-A163-46DD3BD5D028}.Debug|iPhoneSimulator.Build.0 = Debug|Any CPU
		{8191C06C-E4C3-4F80-A163-46DD3BD5D028}.Debug|x64.ActiveCfg = Debug|Any CPU
		{8191C06C-E4C3-4F80-A163-46DD3BD5D028}.Debug|x64.Build.0 = Debug|Any CPU
		{8191C06C-E4C3-4F80-A163-46DD3BD5D028}.Debug|x86.ActiveCfg = Debug|Any CPU
		{8191C06C-E4C3-4F80-A163-46DD3BD5D028}.Debug|x86.Build.0 = Debug|Any CPU
		{8191C06C-E4C3-4F80-A163-46DD3BD5D028}.Release|Any CPU.ActiveCfg = Release|Any CPU
		{8191C06C-E4C3-4F80-A163-46DD3BD5D028}.Release|Any CPU.Build.0 = Release|Any CPU
		{8191C06C-E4C3-4F80-A163-46DD3BD5D028}.Release|ARM.ActiveCfg = Release|Any CPU
		{8191C06C-E4C3-4F80-A163-46DD3BD5D028}.Release|ARM.Build.0 = Release|Any CPU
		{8191C06C-E4C3-4F80-A163-46DD3BD5D028}.Release|iPhone.ActiveCfg = Release|Any CPU
		{8191C06C-E4C3-4F80-A163-46DD3BD5D028}.Release|iPhone.Build.0 = Release|Any CPU
		{8191C06C-E4C3-4F80-A163-46DD3BD5D028}.Release|iPhoneSimulator.ActiveCfg = Release|Any CPU
		{8191C06C-E4C3-4F80-A163-46DD3BD5D028}.Release|iPhoneSimulator.Build.0 = Release|Any CPU
		{8191C06C-E4C3-4F80-A163-46DD3BD5D028}.Release|x64.ActiveCfg = Release|Any CPU
		{8191C06C-E4C3-4F80-A163-46DD3BD5D028}.Release|x64.Build.0 = Release|Any CPU
		{8191C06C-E4C3-4F80-A163-46DD3BD5D028}.Release|x86.ActiveCfg = Release|Any CPU
		{8191C06C-E4C3-4F80-A163-46DD3BD5D028}.Release|x86.Build.0 = Release|Any CPU
		{2718534B-EEA5-46EF-BDEA-CCBA52C99157}.Ad-Hoc|Any CPU.ActiveCfg = Release|Any CPU
		{2718534B-EEA5-46EF-BDEA-CCBA52C99157}.Ad-Hoc|Any CPU.Build.0 = Release|Any CPU
		{2718534B-EEA5-46EF-BDEA-CCBA52C99157}.Ad-Hoc|ARM.ActiveCfg = Release|Any CPU
		{2718534B-EEA5-46EF-BDEA-CCBA52C99157}.Ad-Hoc|ARM.Build.0 = Release|Any CPU
		{2718534B-EEA5-46EF-BDEA-CCBA52C99157}.Ad-Hoc|iPhone.ActiveCfg = Release|Any CPU
		{2718534B-EEA5-46EF-BDEA-CCBA52C99157}.Ad-Hoc|iPhone.Build.0 = Release|Any CPU
		{2718534B-EEA5-46EF-BDEA-CCBA52C99157}.Ad-Hoc|iPhoneSimulator.ActiveCfg = Release|Any CPU
		{2718534B-EEA5-46EF-BDEA-CCBA52C99157}.Ad-Hoc|iPhoneSimulator.Build.0 = Release|Any CPU
		{2718534B-EEA5-46EF-BDEA-CCBA52C99157}.Ad-Hoc|x64.ActiveCfg = Release|Any CPU
		{2718534B-EEA5-46EF-BDEA-CCBA52C99157}.Ad-Hoc|x64.Build.0 = Release|Any CPU
		{2718534B-EEA5-46EF-BDEA-CCBA52C99157}.Ad-Hoc|x86.ActiveCfg = Release|Any CPU
		{2718534B-EEA5-46EF-BDEA-CCBA52C99157}.Ad-Hoc|x86.Build.0 = Release|Any CPU
		{2718534B-EEA5-46EF-BDEA-CCBA52C99157}.AppStore|Any CPU.ActiveCfg = Release|Any CPU
		{2718534B-EEA5-46EF-BDEA-CCBA52C99157}.AppStore|Any CPU.Build.0 = Release|Any CPU
		{2718534B-EEA5-46EF-BDEA-CCBA52C99157}.AppStore|ARM.ActiveCfg = Release|Any CPU
		{2718534B-EEA5-46EF-BDEA-CCBA52C99157}.AppStore|ARM.Build.0 = Release|Any CPU
		{2718534B-EEA5-46EF-BDEA-CCBA52C99157}.AppStore|iPhone.ActiveCfg = Release|Any CPU
		{2718534B-EEA5-46EF-BDEA-CCBA52C99157}.AppStore|iPhone.Build.0 = Release|Any CPU
		{2718534B-EEA5-46EF-BDEA-CCBA52C99157}.AppStore|iPhoneSimulator.ActiveCfg = Release|Any CPU
		{2718534B-EEA5-46EF-BDEA-CCBA52C99157}.AppStore|iPhoneSimulator.Build.0 = Release|Any CPU
		{2718534B-EEA5-46EF-BDEA-CCBA52C99157}.AppStore|x64.ActiveCfg = Release|Any CPU
		{2718534B-EEA5-46EF-BDEA-CCBA52C99157}.AppStore|x64.Build.0 = Release|Any CPU
		{2718534B-EEA5-46EF-BDEA-CCBA52C99157}.AppStore|x86.ActiveCfg = Release|Any CPU
		{2718534B-EEA5-46EF-BDEA-CCBA52C99157}.AppStore|x86.Build.0 = Release|Any CPU
		{2718534B-EEA5-46EF-BDEA-CCBA52C99157}.Debug|Any CPU.ActiveCfg = Debug|Any CPU
		{2718534B-EEA5-46EF-BDEA-CCBA52C99157}.Debug|Any CPU.Build.0 = Debug|Any CPU
		{2718534B-EEA5-46EF-BDEA-CCBA52C99157}.Debug|ARM.ActiveCfg = Debug|Any CPU
		{2718534B-EEA5-46EF-BDEA-CCBA52C99157}.Debug|ARM.Build.0 = Debug|Any CPU
		{2718534B-EEA5-46EF-BDEA-CCBA52C99157}.Debug|iPhone.ActiveCfg = Debug|Any CPU
		{2718534B-EEA5-46EF-BDEA-CCBA52C99157}.Debug|iPhone.Build.0 = Debug|Any CPU
		{2718534B-EEA5-46EF-BDEA-CCBA52C99157}.Debug|iPhoneSimulator.ActiveCfg = Debug|Any CPU
		{2718534B-EEA5-46EF-BDEA-CCBA52C99157}.Debug|iPhoneSimulator.Build.0 = Debug|Any CPU
		{2718534B-EEA5-46EF-BDEA-CCBA52C99157}.Debug|x64.ActiveCfg = Debug|Any CPU
		{2718534B-EEA5-46EF-BDEA-CCBA52C99157}.Debug|x64.Build.0 = Debug|Any CPU
		{2718534B-EEA5-46EF-BDEA-CCBA52C99157}.Debug|x86.ActiveCfg = Debug|Any CPU
		{2718534B-EEA5-46EF-BDEA-CCBA52C99157}.Release|Any CPU.ActiveCfg = Release|Any CPU
		{2718534B-EEA5-46EF-BDEA-CCBA52C99157}.Release|Any CPU.Build.0 = Release|Any CPU
		{2718534B-EEA5-46EF-BDEA-CCBA52C99157}.Release|ARM.ActiveCfg = Release|Any CPU
		{2718534B-EEA5-46EF-BDEA-CCBA52C99157}.Release|ARM.Build.0 = Release|Any CPU
		{2718534B-EEA5-46EF-BDEA-CCBA52C99157}.Release|iPhone.ActiveCfg = Release|Any CPU
		{2718534B-EEA5-46EF-BDEA-CCBA52C99157}.Release|iPhone.Build.0 = Release|Any CPU
		{2718534B-EEA5-46EF-BDEA-CCBA52C99157}.Release|iPhoneSimulator.ActiveCfg = Release|Any CPU
		{2718534B-EEA5-46EF-BDEA-CCBA52C99157}.Release|iPhoneSimulator.Build.0 = Release|Any CPU
		{2718534B-EEA5-46EF-BDEA-CCBA52C99157}.Release|x64.ActiveCfg = Release|Any CPU
		{2718534B-EEA5-46EF-BDEA-CCBA52C99157}.Release|x64.Build.0 = Release|Any CPU
		{2718534B-EEA5-46EF-BDEA-CCBA52C99157}.Release|x86.ActiveCfg = Release|Any CPU
		{2718534B-EEA5-46EF-BDEA-CCBA52C99157}.Release|x86.Build.0 = Release|Any CPU
		{A4B69D20-899B-46A1-A026-F4C9A3728F3E}.Ad-Hoc|Any CPU.ActiveCfg = Release|Any CPU
		{A4B69D20-899B-46A1-A026-F4C9A3728F3E}.Ad-Hoc|Any CPU.Build.0 = Release|Any CPU
		{A4B69D20-899B-46A1-A026-F4C9A3728F3E}.Ad-Hoc|ARM.ActiveCfg = Release|Any CPU
		{A4B69D20-899B-46A1-A026-F4C9A3728F3E}.Ad-Hoc|ARM.Build.0 = Release|Any CPU
		{A4B69D20-899B-46A1-A026-F4C9A3728F3E}.Ad-Hoc|iPhone.ActiveCfg = Release|Any CPU
		{A4B69D20-899B-46A1-A026-F4C9A3728F3E}.Ad-Hoc|iPhone.Build.0 = Release|Any CPU
		{A4B69D20-899B-46A1-A026-F4C9A3728F3E}.Ad-Hoc|iPhoneSimulator.ActiveCfg = Release|Any CPU
		{A4B69D20-899B-46A1-A026-F4C9A3728F3E}.Ad-Hoc|iPhoneSimulator.Build.0 = Release|Any CPU
		{A4B69D20-899B-46A1-A026-F4C9A3728F3E}.Ad-Hoc|x64.ActiveCfg = Release|Any CPU
		{A4B69D20-899B-46A1-A026-F4C9A3728F3E}.Ad-Hoc|x64.Build.0 = Release|Any CPU
		{A4B69D20-899B-46A1-A026-F4C9A3728F3E}.Ad-Hoc|x86.ActiveCfg = Release|Any CPU
		{A4B69D20-899B-46A1-A026-F4C9A3728F3E}.Ad-Hoc|x86.Build.0 = Release|Any CPU
		{A4B69D20-899B-46A1-A026-F4C9A3728F3E}.AppStore|Any CPU.ActiveCfg = Release|Any CPU
		{A4B69D20-899B-46A1-A026-F4C9A3728F3E}.AppStore|Any CPU.Build.0 = Release|Any CPU
		{A4B69D20-899B-46A1-A026-F4C9A3728F3E}.AppStore|ARM.ActiveCfg = Release|Any CPU
		{A4B69D20-899B-46A1-A026-F4C9A3728F3E}.AppStore|ARM.Build.0 = Release|Any CPU
		{A4B69D20-899B-46A1-A026-F4C9A3728F3E}.AppStore|iPhone.ActiveCfg = Release|Any CPU
		{A4B69D20-899B-46A1-A026-F4C9A3728F3E}.AppStore|iPhone.Build.0 = Release|Any CPU
		{A4B69D20-899B-46A1-A026-F4C9A3728F3E}.AppStore|iPhoneSimulator.ActiveCfg = Release|Any CPU
		{A4B69D20-899B-46A1-A026-F4C9A3728F3E}.AppStore|iPhoneSimulator.Build.0 = Release|Any CPU
		{A4B69D20-899B-46A1-A026-F4C9A3728F3E}.AppStore|x64.ActiveCfg = Release|Any CPU
		{A4B69D20-899B-46A1-A026-F4C9A3728F3E}.AppStore|x64.Build.0 = Release|Any CPU
		{A4B69D20-899B-46A1-A026-F4C9A3728F3E}.AppStore|x86.ActiveCfg = Release|Any CPU
		{A4B69D20-899B-46A1-A026-F4C9A3728F3E}.AppStore|x86.Build.0 = Release|Any CPU
		{A4B69D20-899B-46A1-A026-F4C9A3728F3E}.Debug|Any CPU.ActiveCfg = Debug|Any CPU
		{A4B69D20-899B-46A1-A026-F4C9A3728F3E}.Debug|Any CPU.Build.0 = Debug|Any CPU
		{A4B69D20-899B-46A1-A026-F4C9A3728F3E}.Debug|ARM.ActiveCfg = Debug|Any CPU
		{A4B69D20-899B-46A1-A026-F4C9A3728F3E}.Debug|ARM.Build.0 = Debug|Any CPU
		{A4B69D20-899B-46A1-A026-F4C9A3728F3E}.Debug|iPhone.ActiveCfg = Debug|Any CPU
		{A4B69D20-899B-46A1-A026-F4C9A3728F3E}.Debug|iPhone.Build.0 = Debug|Any CPU
		{A4B69D20-899B-46A1-A026-F4C9A3728F3E}.Debug|iPhoneSimulator.ActiveCfg = Debug|Any CPU
		{A4B69D20-899B-46A1-A026-F4C9A3728F3E}.Debug|iPhoneSimulator.Build.0 = Debug|Any CPU
		{A4B69D20-899B-46A1-A026-F4C9A3728F3E}.Debug|x64.ActiveCfg = Debug|Any CPU
		{A4B69D20-899B-46A1-A026-F4C9A3728F3E}.Debug|x64.Build.0 = Debug|Any CPU
		{A4B69D20-899B-46A1-A026-F4C9A3728F3E}.Debug|x86.ActiveCfg = Debug|Any CPU
		{A4B69D20-899B-46A1-A026-F4C9A3728F3E}.Debug|x86.Build.0 = Debug|Any CPU
		{A4B69D20-899B-46A1-A026-F4C9A3728F3E}.Release|Any CPU.ActiveCfg = Release|Any CPU
		{A4B69D20-899B-46A1-A026-F4C9A3728F3E}.Release|Any CPU.Build.0 = Release|Any CPU
		{A4B69D20-899B-46A1-A026-F4C9A3728F3E}.Release|ARM.ActiveCfg = Release|Any CPU
		{A4B69D20-899B-46A1-A026-F4C9A3728F3E}.Release|ARM.Build.0 = Release|Any CPU
		{A4B69D20-899B-46A1-A026-F4C9A3728F3E}.Release|iPhone.ActiveCfg = Release|Any CPU
		{A4B69D20-899B-46A1-A026-F4C9A3728F3E}.Release|iPhone.Build.0 = Release|Any CPU
		{A4B69D20-899B-46A1-A026-F4C9A3728F3E}.Release|iPhoneSimulator.ActiveCfg = Release|Any CPU
		{A4B69D20-899B-46A1-A026-F4C9A3728F3E}.Release|iPhoneSimulator.Build.0 = Release|Any CPU
		{A4B69D20-899B-46A1-A026-F4C9A3728F3E}.Release|x64.ActiveCfg = Release|Any CPU
		{A4B69D20-899B-46A1-A026-F4C9A3728F3E}.Release|x64.Build.0 = Release|Any CPU
		{A4B69D20-899B-46A1-A026-F4C9A3728F3E}.Release|x86.ActiveCfg = Release|Any CPU
		{A4B69D20-899B-46A1-A026-F4C9A3728F3E}.Release|x86.Build.0 = Release|Any CPU
		{CAD20A4D-DAF4-4C7C-8D37-A32B551EA343}.Ad-Hoc|Any CPU.ActiveCfg = Release|Any CPU
		{CAD20A4D-DAF4-4C7C-8D37-A32B551EA343}.Ad-Hoc|Any CPU.Build.0 = Release|Any CPU
		{CAD20A4D-DAF4-4C7C-8D37-A32B551EA343}.Ad-Hoc|ARM.ActiveCfg = Release|Any CPU
		{CAD20A4D-DAF4-4C7C-8D37-A32B551EA343}.Ad-Hoc|ARM.Build.0 = Release|Any CPU
		{CAD20A4D-DAF4-4C7C-8D37-A32B551EA343}.Ad-Hoc|iPhone.ActiveCfg = Release|Any CPU
		{CAD20A4D-DAF4-4C7C-8D37-A32B551EA343}.Ad-Hoc|iPhone.Build.0 = Release|Any CPU
		{CAD20A4D-DAF4-4C7C-8D37-A32B551EA343}.Ad-Hoc|iPhoneSimulator.ActiveCfg = Release|Any CPU
		{CAD20A4D-DAF4-4C7C-8D37-A32B551EA343}.Ad-Hoc|iPhoneSimulator.Build.0 = Release|Any CPU
		{CAD20A4D-DAF4-4C7C-8D37-A32B551EA343}.Ad-Hoc|x64.ActiveCfg = Release|Any CPU
		{CAD20A4D-DAF4-4C7C-8D37-A32B551EA343}.Ad-Hoc|x64.Build.0 = Release|Any CPU
		{CAD20A4D-DAF4-4C7C-8D37-A32B551EA343}.Ad-Hoc|x86.ActiveCfg = Release|Any CPU
		{CAD20A4D-DAF4-4C7C-8D37-A32B551EA343}.Ad-Hoc|x86.Build.0 = Release|Any CPU
		{CAD20A4D-DAF4-4C7C-8D37-A32B551EA343}.AppStore|Any CPU.ActiveCfg = Release|Any CPU
		{CAD20A4D-DAF4-4C7C-8D37-A32B551EA343}.AppStore|Any CPU.Build.0 = Release|Any CPU
		{CAD20A4D-DAF4-4C7C-8D37-A32B551EA343}.AppStore|ARM.ActiveCfg = Release|Any CPU
		{CAD20A4D-DAF4-4C7C-8D37-A32B551EA343}.AppStore|ARM.Build.0 = Release|Any CPU
		{CAD20A4D-DAF4-4C7C-8D37-A32B551EA343}.AppStore|iPhone.ActiveCfg = Release|Any CPU
		{CAD20A4D-DAF4-4C7C-8D37-A32B551EA343}.AppStore|iPhone.Build.0 = Release|Any CPU
		{CAD20A4D-DAF4-4C7C-8D37-A32B551EA343}.AppStore|iPhoneSimulator.ActiveCfg = Release|Any CPU
		{CAD20A4D-DAF4-4C7C-8D37-A32B551EA343}.AppStore|iPhoneSimulator.Build.0 = Release|Any CPU
		{CAD20A4D-DAF4-4C7C-8D37-A32B551EA343}.AppStore|x64.ActiveCfg = Release|Any CPU
		{CAD20A4D-DAF4-4C7C-8D37-A32B551EA343}.AppStore|x64.Build.0 = Release|Any CPU
		{CAD20A4D-DAF4-4C7C-8D37-A32B551EA343}.AppStore|x86.ActiveCfg = Release|Any CPU
		{CAD20A4D-DAF4-4C7C-8D37-A32B551EA343}.AppStore|x86.Build.0 = Release|Any CPU
		{CAD20A4D-DAF4-4C7C-8D37-A32B551EA343}.Debug|Any CPU.ActiveCfg = Debug|Any CPU
		{CAD20A4D-DAF4-4C7C-8D37-A32B551EA343}.Debug|Any CPU.Build.0 = Debug|Any CPU
		{CAD20A4D-DAF4-4C7C-8D37-A32B551EA343}.Debug|ARM.ActiveCfg = Debug|Any CPU
		{CAD20A4D-DAF4-4C7C-8D37-A32B551EA343}.Debug|ARM.Build.0 = Debug|Any CPU
		{CAD20A4D-DAF4-4C7C-8D37-A32B551EA343}.Debug|iPhone.ActiveCfg = Debug|Any CPU
		{CAD20A4D-DAF4-4C7C-8D37-A32B551EA343}.Debug|iPhone.Build.0 = Debug|Any CPU
		{CAD20A4D-DAF4-4C7C-8D37-A32B551EA343}.Debug|iPhoneSimulator.ActiveCfg = Debug|Any CPU
		{CAD20A4D-DAF4-4C7C-8D37-A32B551EA343}.Debug|iPhoneSimulator.Build.0 = Debug|Any CPU
		{CAD20A4D-DAF4-4C7C-8D37-A32B551EA343}.Debug|x64.ActiveCfg = Debug|Any CPU
		{CAD20A4D-DAF4-4C7C-8D37-A32B551EA343}.Debug|x64.Build.0 = Debug|Any CPU
		{CAD20A4D-DAF4-4C7C-8D37-A32B551EA343}.Debug|x86.ActiveCfg = Debug|Any CPU
		{CAD20A4D-DAF4-4C7C-8D37-A32B551EA343}.Debug|x86.Build.0 = Debug|Any CPU
		{CAD20A4D-DAF4-4C7C-8D37-A32B551EA343}.Release|Any CPU.ActiveCfg = Release|Any CPU
		{CAD20A4D-DAF4-4C7C-8D37-A32B551EA343}.Release|Any CPU.Build.0 = Release|Any CPU
		{CAD20A4D-DAF4-4C7C-8D37-A32B551EA343}.Release|ARM.ActiveCfg = Release|Any CPU
		{CAD20A4D-DAF4-4C7C-8D37-A32B551EA343}.Release|ARM.Build.0 = Release|Any CPU
		{CAD20A4D-DAF4-4C7C-8D37-A32B551EA343}.Release|iPhone.ActiveCfg = Release|Any CPU
		{CAD20A4D-DAF4-4C7C-8D37-A32B551EA343}.Release|iPhone.Build.0 = Release|Any CPU
		{CAD20A4D-DAF4-4C7C-8D37-A32B551EA343}.Release|iPhoneSimulator.ActiveCfg = Release|Any CPU
		{CAD20A4D-DAF4-4C7C-8D37-A32B551EA343}.Release|iPhoneSimulator.Build.0 = Release|Any CPU
		{CAD20A4D-DAF4-4C7C-8D37-A32B551EA343}.Release|x64.ActiveCfg = Release|Any CPU
		{CAD20A4D-DAF4-4C7C-8D37-A32B551EA343}.Release|x64.Build.0 = Release|Any CPU
		{CAD20A4D-DAF4-4C7C-8D37-A32B551EA343}.Release|x86.ActiveCfg = Release|Any CPU
		{CAD20A4D-DAF4-4C7C-8D37-A32B551EA343}.Release|x86.Build.0 = Release|Any CPU
		{BE75AE1E-51FE-41D5-B72D-B1BB68CEE7DD}.Ad-Hoc|Any CPU.ActiveCfg = Release|Any CPU
		{BE75AE1E-51FE-41D5-B72D-B1BB68CEE7DD}.Ad-Hoc|Any CPU.Build.0 = Release|Any CPU
		{BE75AE1E-51FE-41D5-B72D-B1BB68CEE7DD}.Ad-Hoc|Any CPU.Deploy.0 = Release|Any CPU
		{BE75AE1E-51FE-41D5-B72D-B1BB68CEE7DD}.Ad-Hoc|ARM.ActiveCfg = Release|Any CPU
		{BE75AE1E-51FE-41D5-B72D-B1BB68CEE7DD}.Ad-Hoc|ARM.Build.0 = Release|Any CPU
		{BE75AE1E-51FE-41D5-B72D-B1BB68CEE7DD}.Ad-Hoc|ARM.Deploy.0 = Release|Any CPU
		{BE75AE1E-51FE-41D5-B72D-B1BB68CEE7DD}.Ad-Hoc|iPhone.ActiveCfg = Release|Any CPU
		{BE75AE1E-51FE-41D5-B72D-B1BB68CEE7DD}.Ad-Hoc|iPhone.Build.0 = Release|Any CPU
		{BE75AE1E-51FE-41D5-B72D-B1BB68CEE7DD}.Ad-Hoc|iPhone.Deploy.0 = Release|Any CPU
		{BE75AE1E-51FE-41D5-B72D-B1BB68CEE7DD}.Ad-Hoc|iPhoneSimulator.ActiveCfg = Release|Any CPU
		{BE75AE1E-51FE-41D5-B72D-B1BB68CEE7DD}.Ad-Hoc|iPhoneSimulator.Build.0 = Release|Any CPU
		{BE75AE1E-51FE-41D5-B72D-B1BB68CEE7DD}.Ad-Hoc|iPhoneSimulator.Deploy.0 = Release|Any CPU
		{BE75AE1E-51FE-41D5-B72D-B1BB68CEE7DD}.Ad-Hoc|x64.ActiveCfg = Release|Any CPU
		{BE75AE1E-51FE-41D5-B72D-B1BB68CEE7DD}.Ad-Hoc|x64.Build.0 = Release|Any CPU
		{BE75AE1E-51FE-41D5-B72D-B1BB68CEE7DD}.Ad-Hoc|x64.Deploy.0 = Release|Any CPU
		{BE75AE1E-51FE-41D5-B72D-B1BB68CEE7DD}.Ad-Hoc|x86.ActiveCfg = Release|Any CPU
		{BE75AE1E-51FE-41D5-B72D-B1BB68CEE7DD}.Ad-Hoc|x86.Build.0 = Release|Any CPU
		{BE75AE1E-51FE-41D5-B72D-B1BB68CEE7DD}.Ad-Hoc|x86.Deploy.0 = Release|Any CPU
		{BE75AE1E-51FE-41D5-B72D-B1BB68CEE7DD}.AppStore|Any CPU.ActiveCfg = Release|Any CPU
		{BE75AE1E-51FE-41D5-B72D-B1BB68CEE7DD}.AppStore|Any CPU.Build.0 = Release|Any CPU
		{BE75AE1E-51FE-41D5-B72D-B1BB68CEE7DD}.AppStore|Any CPU.Deploy.0 = Release|Any CPU
		{BE75AE1E-51FE-41D5-B72D-B1BB68CEE7DD}.AppStore|ARM.ActiveCfg = Release|Any CPU
		{BE75AE1E-51FE-41D5-B72D-B1BB68CEE7DD}.AppStore|ARM.Build.0 = Release|Any CPU
		{BE75AE1E-51FE-41D5-B72D-B1BB68CEE7DD}.AppStore|ARM.Deploy.0 = Release|Any CPU
		{BE75AE1E-51FE-41D5-B72D-B1BB68CEE7DD}.AppStore|iPhone.ActiveCfg = Release|Any CPU
		{BE75AE1E-51FE-41D5-B72D-B1BB68CEE7DD}.AppStore|iPhone.Build.0 = Release|Any CPU
		{BE75AE1E-51FE-41D5-B72D-B1BB68CEE7DD}.AppStore|iPhone.Deploy.0 = Release|Any CPU
		{BE75AE1E-51FE-41D5-B72D-B1BB68CEE7DD}.AppStore|iPhoneSimulator.ActiveCfg = Release|Any CPU
		{BE75AE1E-51FE-41D5-B72D-B1BB68CEE7DD}.AppStore|iPhoneSimulator.Build.0 = Release|Any CPU
		{BE75AE1E-51FE-41D5-B72D-B1BB68CEE7DD}.AppStore|iPhoneSimulator.Deploy.0 = Release|Any CPU
		{BE75AE1E-51FE-41D5-B72D-B1BB68CEE7DD}.AppStore|x64.ActiveCfg = Release|Any CPU
		{BE75AE1E-51FE-41D5-B72D-B1BB68CEE7DD}.AppStore|x64.Build.0 = Release|Any CPU
		{BE75AE1E-51FE-41D5-B72D-B1BB68CEE7DD}.AppStore|x64.Deploy.0 = Release|Any CPU
		{BE75AE1E-51FE-41D5-B72D-B1BB68CEE7DD}.AppStore|x86.ActiveCfg = Release|Any CPU
		{BE75AE1E-51FE-41D5-B72D-B1BB68CEE7DD}.AppStore|x86.Build.0 = Release|Any CPU
		{BE75AE1E-51FE-41D5-B72D-B1BB68CEE7DD}.AppStore|x86.Deploy.0 = Release|Any CPU
		{BE75AE1E-51FE-41D5-B72D-B1BB68CEE7DD}.Debug|Any CPU.ActiveCfg = Debug|Any CPU
		{BE75AE1E-51FE-41D5-B72D-B1BB68CEE7DD}.Debug|Any CPU.Build.0 = Debug|Any CPU
		{BE75AE1E-51FE-41D5-B72D-B1BB68CEE7DD}.Debug|Any CPU.Deploy.0 = Debug|Any CPU
		{BE75AE1E-51FE-41D5-B72D-B1BB68CEE7DD}.Debug|ARM.ActiveCfg = Debug|Any CPU
		{BE75AE1E-51FE-41D5-B72D-B1BB68CEE7DD}.Debug|ARM.Build.0 = Debug|Any CPU
		{BE75AE1E-51FE-41D5-B72D-B1BB68CEE7DD}.Debug|ARM.Deploy.0 = Debug|Any CPU
		{BE75AE1E-51FE-41D5-B72D-B1BB68CEE7DD}.Debug|iPhone.ActiveCfg = Debug|Any CPU
		{BE75AE1E-51FE-41D5-B72D-B1BB68CEE7DD}.Debug|iPhone.Build.0 = Debug|Any CPU
		{BE75AE1E-51FE-41D5-B72D-B1BB68CEE7DD}.Debug|iPhone.Deploy.0 = Debug|Any CPU
		{BE75AE1E-51FE-41D5-B72D-B1BB68CEE7DD}.Debug|iPhoneSimulator.ActiveCfg = Debug|Any CPU
		{BE75AE1E-51FE-41D5-B72D-B1BB68CEE7DD}.Debug|iPhoneSimulator.Build.0 = Debug|Any CPU
		{BE75AE1E-51FE-41D5-B72D-B1BB68CEE7DD}.Debug|iPhoneSimulator.Deploy.0 = Debug|Any CPU
		{BE75AE1E-51FE-41D5-B72D-B1BB68CEE7DD}.Debug|x64.ActiveCfg = Debug|Any CPU
		{BE75AE1E-51FE-41D5-B72D-B1BB68CEE7DD}.Debug|x64.Build.0 = Debug|Any CPU
		{BE75AE1E-51FE-41D5-B72D-B1BB68CEE7DD}.Debug|x64.Deploy.0 = Debug|Any CPU
		{BE75AE1E-51FE-41D5-B72D-B1BB68CEE7DD}.Debug|x86.ActiveCfg = Debug|Any CPU
		{BE75AE1E-51FE-41D5-B72D-B1BB68CEE7DD}.Debug|x86.Build.0 = Debug|Any CPU
		{BE75AE1E-51FE-41D5-B72D-B1BB68CEE7DD}.Debug|x86.Deploy.0 = Debug|Any CPU
		{BE75AE1E-51FE-41D5-B72D-B1BB68CEE7DD}.Release|Any CPU.ActiveCfg = Release|Any CPU
		{BE75AE1E-51FE-41D5-B72D-B1BB68CEE7DD}.Release|Any CPU.Build.0 = Release|Any CPU
		{BE75AE1E-51FE-41D5-B72D-B1BB68CEE7DD}.Release|Any CPU.Deploy.0 = Release|Any CPU
		{BE75AE1E-51FE-41D5-B72D-B1BB68CEE7DD}.Release|ARM.ActiveCfg = Release|Any CPU
		{BE75AE1E-51FE-41D5-B72D-B1BB68CEE7DD}.Release|ARM.Build.0 = Release|Any CPU
		{BE75AE1E-51FE-41D5-B72D-B1BB68CEE7DD}.Release|ARM.Deploy.0 = Release|Any CPU
		{BE75AE1E-51FE-41D5-B72D-B1BB68CEE7DD}.Release|iPhone.ActiveCfg = Release|Any CPU
		{BE75AE1E-51FE-41D5-B72D-B1BB68CEE7DD}.Release|iPhone.Build.0 = Release|Any CPU
		{BE75AE1E-51FE-41D5-B72D-B1BB68CEE7DD}.Release|iPhone.Deploy.0 = Release|Any CPU
		{BE75AE1E-51FE-41D5-B72D-B1BB68CEE7DD}.Release|iPhoneSimulator.ActiveCfg = Release|Any CPU
		{BE75AE1E-51FE-41D5-B72D-B1BB68CEE7DD}.Release|iPhoneSimulator.Build.0 = Release|Any CPU
		{BE75AE1E-51FE-41D5-B72D-B1BB68CEE7DD}.Release|iPhoneSimulator.Deploy.0 = Release|Any CPU
		{BE75AE1E-51FE-41D5-B72D-B1BB68CEE7DD}.Release|x64.ActiveCfg = Release|Any CPU
		{BE75AE1E-51FE-41D5-B72D-B1BB68CEE7DD}.Release|x64.Build.0 = Release|Any CPU
		{BE75AE1E-51FE-41D5-B72D-B1BB68CEE7DD}.Release|x64.Deploy.0 = Release|Any CPU
		{BE75AE1E-51FE-41D5-B72D-B1BB68CEE7DD}.Release|x86.ActiveCfg = Release|Any CPU
		{BE75AE1E-51FE-41D5-B72D-B1BB68CEE7DD}.Release|x86.Build.0 = Release|Any CPU
		{BE75AE1E-51FE-41D5-B72D-B1BB68CEE7DD}.Release|x86.Deploy.0 = Release|Any CPU
		{1C2CAF13-901F-4345-9601-7915C5FF72AD}.Ad-Hoc|Any CPU.ActiveCfg = Release|x86
		{1C2CAF13-901F-4345-9601-7915C5FF72AD}.Ad-Hoc|Any CPU.Build.0 = Release|x86
		{1C2CAF13-901F-4345-9601-7915C5FF72AD}.Ad-Hoc|Any CPU.Deploy.0 = Release|x86
		{1C2CAF13-901F-4345-9601-7915C5FF72AD}.Ad-Hoc|ARM.ActiveCfg = Release|ARM
		{1C2CAF13-901F-4345-9601-7915C5FF72AD}.Ad-Hoc|ARM.Build.0 = Release|ARM
		{1C2CAF13-901F-4345-9601-7915C5FF72AD}.Ad-Hoc|ARM.Deploy.0 = Release|ARM
		{1C2CAF13-901F-4345-9601-7915C5FF72AD}.Ad-Hoc|iPhone.ActiveCfg = Release|x86
		{1C2CAF13-901F-4345-9601-7915C5FF72AD}.Ad-Hoc|iPhone.Build.0 = Release|x86
		{1C2CAF13-901F-4345-9601-7915C5FF72AD}.Ad-Hoc|iPhone.Deploy.0 = Release|x86
		{1C2CAF13-901F-4345-9601-7915C5FF72AD}.Ad-Hoc|iPhoneSimulator.ActiveCfg = Release|x86
		{1C2CAF13-901F-4345-9601-7915C5FF72AD}.Ad-Hoc|iPhoneSimulator.Build.0 = Release|x86
		{1C2CAF13-901F-4345-9601-7915C5FF72AD}.Ad-Hoc|iPhoneSimulator.Deploy.0 = Release|x86
		{1C2CAF13-901F-4345-9601-7915C5FF72AD}.Ad-Hoc|x64.ActiveCfg = Release|x64
		{1C2CAF13-901F-4345-9601-7915C5FF72AD}.Ad-Hoc|x64.Build.0 = Release|x64
		{1C2CAF13-901F-4345-9601-7915C5FF72AD}.Ad-Hoc|x64.Deploy.0 = Release|x64
		{1C2CAF13-901F-4345-9601-7915C5FF72AD}.Ad-Hoc|x86.ActiveCfg = Release|x86
		{1C2CAF13-901F-4345-9601-7915C5FF72AD}.Ad-Hoc|x86.Build.0 = Release|x86
		{1C2CAF13-901F-4345-9601-7915C5FF72AD}.Ad-Hoc|x86.Deploy.0 = Release|x86
		{1C2CAF13-901F-4345-9601-7915C5FF72AD}.AppStore|Any CPU.ActiveCfg = Release|x86
		{1C2CAF13-901F-4345-9601-7915C5FF72AD}.AppStore|Any CPU.Build.0 = Release|x86
		{1C2CAF13-901F-4345-9601-7915C5FF72AD}.AppStore|Any CPU.Deploy.0 = Release|x86
		{1C2CAF13-901F-4345-9601-7915C5FF72AD}.AppStore|ARM.ActiveCfg = Release|ARM
		{1C2CAF13-901F-4345-9601-7915C5FF72AD}.AppStore|ARM.Build.0 = Release|ARM
		{1C2CAF13-901F-4345-9601-7915C5FF72AD}.AppStore|ARM.Deploy.0 = Release|ARM
		{1C2CAF13-901F-4345-9601-7915C5FF72AD}.AppStore|iPhone.ActiveCfg = Release|x86
		{1C2CAF13-901F-4345-9601-7915C5FF72AD}.AppStore|iPhone.Build.0 = Release|x86
		{1C2CAF13-901F-4345-9601-7915C5FF72AD}.AppStore|iPhone.Deploy.0 = Release|x86
		{1C2CAF13-901F-4345-9601-7915C5FF72AD}.AppStore|iPhoneSimulator.ActiveCfg = Release|x86
		{1C2CAF13-901F-4345-9601-7915C5FF72AD}.AppStore|iPhoneSimulator.Build.0 = Release|x86
		{1C2CAF13-901F-4345-9601-7915C5FF72AD}.AppStore|iPhoneSimulator.Deploy.0 = Release|x86
		{1C2CAF13-901F-4345-9601-7915C5FF72AD}.AppStore|x64.ActiveCfg = Release|x64
		{1C2CAF13-901F-4345-9601-7915C5FF72AD}.AppStore|x64.Build.0 = Release|x64
		{1C2CAF13-901F-4345-9601-7915C5FF72AD}.AppStore|x64.Deploy.0 = Release|x64
		{1C2CAF13-901F-4345-9601-7915C5FF72AD}.AppStore|x86.ActiveCfg = Release|x86
		{1C2CAF13-901F-4345-9601-7915C5FF72AD}.AppStore|x86.Build.0 = Release|x86
		{1C2CAF13-901F-4345-9601-7915C5FF72AD}.AppStore|x86.Deploy.0 = Release|x86
		{1C2CAF13-901F-4345-9601-7915C5FF72AD}.Debug|Any CPU.ActiveCfg = Debug|x86
		{1C2CAF13-901F-4345-9601-7915C5FF72AD}.Debug|ARM.ActiveCfg = Debug|ARM
		{1C2CAF13-901F-4345-9601-7915C5FF72AD}.Debug|ARM.Build.0 = Debug|ARM
		{1C2CAF13-901F-4345-9601-7915C5FF72AD}.Debug|ARM.Deploy.0 = Debug|ARM
		{1C2CAF13-901F-4345-9601-7915C5FF72AD}.Debug|iPhone.ActiveCfg = Debug|x86
		{1C2CAF13-901F-4345-9601-7915C5FF72AD}.Debug|iPhoneSimulator.ActiveCfg = Debug|x86
		{1C2CAF13-901F-4345-9601-7915C5FF72AD}.Debug|x64.ActiveCfg = Debug|x64
		{1C2CAF13-901F-4345-9601-7915C5FF72AD}.Debug|x64.Build.0 = Debug|x64
		{1C2CAF13-901F-4345-9601-7915C5FF72AD}.Debug|x64.Deploy.0 = Debug|x64
		{1C2CAF13-901F-4345-9601-7915C5FF72AD}.Debug|x86.ActiveCfg = Debug|x86
		{1C2CAF13-901F-4345-9601-7915C5FF72AD}.Debug|x86.Build.0 = Debug|x86
		{1C2CAF13-901F-4345-9601-7915C5FF72AD}.Debug|x86.Deploy.0 = Debug|x86
		{1C2CAF13-901F-4345-9601-7915C5FF72AD}.Release|Any CPU.ActiveCfg = Release|x86
		{1C2CAF13-901F-4345-9601-7915C5FF72AD}.Release|ARM.ActiveCfg = Release|ARM
		{1C2CAF13-901F-4345-9601-7915C5FF72AD}.Release|ARM.Build.0 = Release|ARM
		{1C2CAF13-901F-4345-9601-7915C5FF72AD}.Release|ARM.Deploy.0 = Release|ARM
		{1C2CAF13-901F-4345-9601-7915C5FF72AD}.Release|iPhone.ActiveCfg = Release|x86
		{1C2CAF13-901F-4345-9601-7915C5FF72AD}.Release|iPhoneSimulator.ActiveCfg = Release|x86
		{1C2CAF13-901F-4345-9601-7915C5FF72AD}.Release|x64.ActiveCfg = Release|x64
		{1C2CAF13-901F-4345-9601-7915C5FF72AD}.Release|x64.Build.0 = Release|x64
		{1C2CAF13-901F-4345-9601-7915C5FF72AD}.Release|x64.Deploy.0 = Release|x64
		{1C2CAF13-901F-4345-9601-7915C5FF72AD}.Release|x86.ActiveCfg = Release|x86
		{1C2CAF13-901F-4345-9601-7915C5FF72AD}.Release|x86.Build.0 = Release|x86
		{1C2CAF13-901F-4345-9601-7915C5FF72AD}.Release|x86.Deploy.0 = Release|x86
	EndGlobalSection
	GlobalSection(SolutionProperties) = preSolution
		HideSolutionNode = FALSE
	EndGlobalSection
	GlobalSection(NestedProjects) = preSolution
		{8B2F8CF8-014B-481A-9710-52D40880ABB4} = {D99E0490-32EA-4F64-923E-2273385D281C}
		{99243F48-D931-465F-9F84-DD94D70BFE40} = {D99E0490-32EA-4F64-923E-2273385D281C}
		{B50425E3-F10A-4260-A042-6DD1F91D8314} = {D99E0490-32EA-4F64-923E-2273385D281C}
		{5AF5BF85-694C-4AA0-A2E1-77A1F6572BF5} = {EC004C18-F16A-44F3-B3A1-3DB22037FC4C}
		{8191C06C-E4C3-4F80-A163-46DD3BD5D028} = {EC004C18-F16A-44F3-B3A1-3DB22037FC4C}
		{2718534B-EEA5-46EF-BDEA-CCBA52C99157} = {D99E0490-32EA-4F64-923E-2273385D281C}
		{A4B69D20-899B-46A1-A026-F4C9A3728F3E} = {EC004C18-F16A-44F3-B3A1-3DB22037FC4C}
		{CAD20A4D-DAF4-4C7C-8D37-A32B551EA343} = {D99E0490-32EA-4F64-923E-2273385D281C}
		{C4A368F3-9E26-4730-BAF4-5B818ED232F6} = {7A0EB8B0-2BCD-4093-8E55-909DF7F6597B}
		{BE75AE1E-51FE-41D5-B72D-B1BB68CEE7DD} = {7A0EB8B0-2BCD-4093-8E55-909DF7F6597B}
		{1C2CAF13-901F-4345-9601-7915C5FF72AD} = {7A0EB8B0-2BCD-4093-8E55-909DF7F6597B}
	EndGlobalSection
EndGlobal
