
Microsoft Visual Studio Solution File, Format Version 12.00
# Visual Studio 15
VisualStudioVersion = 15.0.26430.12
MinimumVisualStudioVersion = 10.0.40219.1
Project("{FAE04EC0-301F-11D3-BF4B-00C04F79EFBC}") = "BooksSample", "BooksSample\BooksSample.csproj", "{8B2F8CF8-014B-481A-9710-52D40880ABB4}"
EndProject
Project("{9A19103F-16F7-4668-BE54-9A1E7A4F7556}") = "BooksLib", "BooksLib\BooksLib.csproj", "{99243F48-D931-465F-9F84-DD94D70BFE40}"
EndProject
Project("{9A19103F-16F7-4668-BE54-9A1E7A4F7556}") = "TheBestMVVMFrameworkInTown", "TheBestMVVMFrameworkInTown\TheBestMVVMFrameworkInTown.csproj", "{B50425E3-F10A-4260-A042-6DD1F91D8314}"
EndProject
Project("{2150E333-8FDC-42A3-9474-1A3956D46DE8}") = "Client", "Client", "{D99E0490-32EA-4F64-923E-2273385D281C}"
EndProject
Project("{2150E333-8FDC-42A3-9474-1A3956D46DE8}") = "Server", "Server", "{EC004C18-F16A-44F3-B3A1-3DB22037FC4C}"
EndProject
Project("{FAE04EC0-301F-11D3-BF4B-00C04F79EFBC}") = "ServerBooksLib", "ServerBooksLib\ServerBooksLib.csproj", "{5AF5BF85-694C-4AA0-A2E1-77A1F6572BF5}"
EndProject
Project("{FAE04EC0-301F-11D3-BF4B-00C04F79EFBC}") = "TestBooksDBLib", "TestBooksDBLib\TestBooksDBLib.csproj", "{8191C06C-E4C3-4F80-A163-46DD3BD5D028}"
EndProject
Global
	GlobalSection(SolutionConfigurationPlatforms) = preSolution
		Debug|Any CPU = Debug|Any CPU
		Debug|ARM = Debug|ARM
		Debug|x64 = Debug|x64
		Debug|x86 = Debug|x86
		Release|Any CPU = Release|Any CPU
		Release|ARM = Release|ARM
		Release|x64 = Release|x64
		Release|x86 = Release|x86
	EndGlobalSection
	GlobalSection(ProjectConfigurationPlatforms) = postSolution
		{8B2F8CF8-014B-481A-9710-52D40880ABB4}.Debug|Any CPU.ActiveCfg = Debug|x86
		{8B2F8CF8-014B-481A-9710-52D40880ABB4}.Debug|ARM.ActiveCfg = Debug|ARM
		{8B2F8CF8-014B-481A-9710-52D40880ABB4}.Debug|ARM.Build.0 = Debug|ARM
		{8B2F8CF8-014B-481A-9710-52D40880ABB4}.Debug|ARM.Deploy.0 = Debug|ARM
		{8B2F8CF8-014B-481A-9710-52D40880ABB4}.Debug|x64.ActiveCfg = Debug|x64
		{8B2F8CF8-014B-481A-9710-52D40880ABB4}.Debug|x64.Build.0 = Debug|x64
		{8B2F8CF8-014B-481A-9710-52D40880ABB4}.Debug|x64.Deploy.0 = Debug|x64
		{8B2F8CF8-014B-481A-9710-52D40880ABB4}.Debug|x86.ActiveCfg = Debug|x86
		{8B2F8CF8-014B-481A-9710-52D40880ABB4}.Debug|x86.Build.0 = Debug|x86
		{8B2F8CF8-014B-481A-9710-52D40880ABB4}.Debug|x86.Deploy.0 = Debug|x86
		{8B2F8CF8-014B-481A-9710-52D40880ABB4}.Release|Any CPU.ActiveCfg = Release|x86
		{8B2F8CF8-014B-481A-9710-52D40880ABB4}.Release|ARM.ActiveCfg = Release|ARM
		{8B2F8CF8-014B-481A-9710-52D40880ABB4}.Release|ARM.Build.0 = Release|ARM
		{8B2F8CF8-014B-481A-9710-52D40880ABB4}.Release|ARM.Deploy.0 = Release|ARM
		{8B2F8CF8-014B-481A-9710-52D40880ABB4}.Release|x64.ActiveCfg = Release|x64
		{8B2F8CF8-014B-481A-9710-52D40880ABB4}.Release|x64.Build.0 = Release|x64
		{8B2F8CF8-014B-481A-9710-52D40880ABB4}.Release|x64.Deploy.0 = Release|x64
		{8B2F8CF8-014B-481A-9710-52D40880ABB4}.Release|x86.ActiveCfg = Release|x86
		{8B2F8CF8-014B-481A-9710-52D40880ABB4}.Release|x86.Build.0 = Release|x86
		{8B2F8CF8-014B-481A-9710-52D40880ABB4}.Release|x86.Deploy.0 = Release|x86
		{99243F48-D931-465F-9F84-DD94D70BFE40}.Debug|Any CPU.ActiveCfg = Debug|Any CPU
		{99243F48-D931-465F-9F84-DD94D70BFE40}.Debug|Any CPU.Build.0 = Debug|Any CPU
		{99243F48-D931-465F-9F84-DD94D70BFE40}.Debug|ARM.ActiveCfg = Debug|Any CPU
		{99243F48-D931-465F-9F84-DD94D70BFE40}.Debug|ARM.Build.0 = Debug|Any CPU
		{99243F48-D931-465F-9F84-DD94D70BFE40}.Debug|x64.ActiveCfg = Debug|Any CPU
		{99243F48-D931-465F-9F84-DD94D70BFE40}.Debug|x64.Build.0 = Debug|Any CPU
		{99243F48-D931-465F-9F84-DD94D70BFE40}.Debug|x86.ActiveCfg = Debug|Any CPU
		{99243F48-D931-465F-9F84-DD94D70BFE40}.Debug|x86.Build.0 = Debug|Any CPU
		{99243F48-D931-465F-9F84-DD94D70BFE40}.Release|Any CPU.ActiveCfg = Release|Any CPU
		{99243F48-D931-465F-9F84-DD94D70BFE40}.Release|Any CPU.Build.0 = Release|Any CPU
		{99243F48-D931-465F-9F84-DD94D70BFE40}.Release|ARM.ActiveCfg = Release|Any CPU
		{99243F48-D931-465F-9F84-DD94D70BFE40}.Release|ARM.Build.0 = Release|Any CPU
		{99243F48-D931-465F-9F84-DD94D70BFE40}.Release|x64.ActiveCfg = Release|Any CPU
		{99243F48-D931-465F-9F84-DD94D70BFE40}.Release|x64.Build.0 = Release|Any CPU
		{99243F48-D931-465F-9F84-DD94D70BFE40}.Release|x86.ActiveCfg = Release|Any CPU
		{99243F48-D931-465F-9F84-DD94D70BFE40}.Release|x86.Build.0 = Release|Any CPU
		{B50425E3-F10A-4260-A042-6DD1F91D8314}.Debug|Any CPU.ActiveCfg = Debug|Any CPU
		{B50425E3-F10A-4260-A042-6DD1F91D8314}.Debug|Any CPU.Build.0 = Debug|Any CPU
		{B50425E3-F10A-4260-A042-6DD1F91D8314}.Debug|ARM.ActiveCfg = Debug|Any CPU
		{B50425E3-F10A-4260-A042-6DD1F91D8314}.Debug|ARM.Build.0 = Debug|Any CPU
		{B50425E3-F10A-4260-A042-6DD1F91D8314}.Debug|x64.ActiveCfg = Debug|Any CPU
		{B50425E3-F10A-4260-A042-6DD1F91D8314}.Debug|x64.Build.0 = Debug|Any CPU
		{B50425E3-F10A-4260-A042-6DD1F91D8314}.Debug|x86.ActiveCfg = Debug|Any CPU
		{B50425E3-F10A-4260-A042-6DD1F91D8314}.Debug|x86.Build.0 = Debug|Any CPU
		{B50425E3-F10A-4260-A042-6DD1F91D8314}.Release|Any CPU.ActiveCfg = Release|Any CPU
		{B50425E3-F10A-4260-A042-6DD1F91D8314}.Release|Any CPU.Build.0 = Release|Any CPU
		{B50425E3-F10A-4260-A042-6DD1F91D8314}.Release|ARM.ActiveCfg = Release|Any CPU
		{B50425E3-F10A-4260-A042-6DD1F91D8314}.Release|ARM.Build.0 = Release|Any CPU
		{B50425E3-F10A-4260-A042-6DD1F91D8314}.Release|x64.ActiveCfg = Release|Any CPU
		{B50425E3-F10A-4260-A042-6DD1F91D8314}.Release|x64.Build.0 = Release|Any CPU
		{B50425E3-F10A-4260-A042-6DD1F91D8314}.Release|x86.ActiveCfg = Release|Any CPU
		{B50425E3-F10A-4260-A042-6DD1F91D8314}.Release|x86.Build.0 = Release|Any CPU
		{5AF5BF85-694C-4AA0-A2E1-77A1F6572BF5}.Debug|Any CPU.ActiveCfg = Debug|Any CPU
		{5AF5BF85-694C-4AA0-A2E1-77A1F6572BF5}.Debug|Any CPU.Build.0 = Debug|Any CPU
		{5AF5BF85-694C-4AA0-A2E1-77A1F6572BF5}.Debug|ARM.ActiveCfg = Debug|Any CPU
		{5AF5BF85-694C-4AA0-A2E1-77A1F6572BF5}.Debug|ARM.Build.0 = Debug|Any CPU
		{5AF5BF85-694C-4AA0-A2E1-77A1F6572BF5}.Debug|x64.ActiveCfg = Debug|Any CPU
		{5AF5BF85-694C-4AA0-A2E1-77A1F6572BF5}.Debug|x64.Build.0 = Debug|Any CPU
		{5AF5BF85-694C-4AA0-A2E1-77A1F6572BF5}.Debug|x86.ActiveCfg = Debug|Any CPU
		{5AF5BF85-694C-4AA0-A2E1-77A1F6572BF5}.Debug|x86.Build.0 = Debug|Any CPU
		{5AF5BF85-694C-4AA0-A2E1-77A1F6572BF5}.Release|Any CPU.ActiveCfg = Release|Any CPU
		{5AF5BF85-694C-4AA0-A2E1-77A1F6572BF5}.Release|Any CPU.Build.0 = Release|Any CPU
		{5AF5BF85-694C-4AA0-A2E1-77A1F6572BF5}.Release|ARM.ActiveCfg = Release|Any CPU
		{5AF5BF85-694C-4AA0-A2E1-77A1F6572BF5}.Release|ARM.Build.0 = Release|Any CPU
		{5AF5BF85-694C-4AA0-A2E1-77A1F6572BF5}.Release|x64.ActiveCfg = Release|Any CPU
		{5AF5BF85-694C-4AA0-A2E1-77A1F6572BF5}.Release|x64.Build.0 = Release|Any CPU
		{5AF5BF85-694C-4AA0-A2E1-77A1F6572BF5}.Release|x86.ActiveCfg = Release|Any CPU
		{5AF5BF85-694C-4AA0-A2E1-77A1F6572BF5}.Release|x86.Build.0 = Release|Any CPU
		{8191C06C-E4C3-4F80-A163-46DD3BD5D028}.Debug|Any CPU.ActiveCfg = Debug|Any CPU
		{8191C06C-E4C3-4F80-A163-46DD3BD5D028}.Debug|Any CPU.Build.0 = Debug|Any CPU
		{8191C06C-E4C3-4F80-A163-46DD3BD5D028}.Debug|ARM.ActiveCfg = Debug|Any CPU
		{8191C06C-E4C3-4F80-A163-46DD3BD5D028}.Debug|ARM.Build.0 = Debug|Any CPU
		{8191C06C-E4C3-4F80-A163-46DD3BD5D028}.Debug|x64.ActiveCfg = Debug|Any CPU
		{8191C06C-E4C3-4F80-A163-46DD3BD5D028}.Debug|x64.Build.0 = Debug|Any CPU
		{8191C06C-E4C3-4F80-A163-46DD3BD5D028}.Debug|x86.ActiveCfg = Debug|Any CPU
		{8191C06C-E4C3-4F80-A163-46DD3BD5D028}.Debug|x86.Build.0 = Debug|Any CPU
		{8191C06C-E4C3-4F80-A163-46DD3BD5D028}.Release|Any CPU.ActiveCfg = Release|Any CPU
		{8191C06C-E4C3-4F80-A163-46DD3BD5D028}.Release|Any CPU.Build.0 = Release|Any CPU
		{8191C06C-E4C3-4F80-A163-46DD3BD5D028}.Release|ARM.ActiveCfg = Release|Any CPU
		{8191C06C-E4C3-4F80-A163-46DD3BD5D028}.Release|ARM.Build.0 = Release|Any CPU
		{8191C06C-E4C3-4F80-A163-46DD3BD5D028}.Release|x64.ActiveCfg = Release|Any CPU
		{8191C06C-E4C3-4F80-A163-46DD3BD5D028}.Release|x64.Build.0 = Release|Any CPU
		{8191C06C-E4C3-4F80-A163-46DD3BD5D028}.Release|x86.ActiveCfg = Release|Any CPU
		{8191C06C-E4C3-4F80-A163-46DD3BD5D028}.Release|x86.Build.0 = Release|Any CPU
	EndGlobalSection
	GlobalSection(SolutionProperties) = preSolution
		HideSolutionNode = FALSE
	EndGlobalSection
	GlobalSection(NestedProjects) = preSolution
		{8B2F8CF8-014B-481A-9710-52D40880ABB4} = {D99E0490-32EA-4F64-923E-2273385D281C}
		{99243F48-D931-465F-9F84-DD94D70BFE40} = {D99E0490-32EA-4F64-923E-2273385D281C}
		{B50425E3-F10A-4260-A042-6DD1F91D8314} = {D99E0490-32EA-4F64-923E-2273385D281C}
		{5AF5BF85-694C-4AA0-A2E1-77A1F6572BF5} = {EC004C18-F16A-44F3-B3A1-3DB22037FC4C}
		{8191C06C-E4C3-4F80-A163-46DD3BD5D028} = {EC004C18-F16A-44F3-B3A1-3DB22037FC4C}
	EndGlobalSection
EndGlobal
