
Microsoft Visual Studio Solution File, Format Version 12.00
# Visual Studio 15
VisualStudioVersion = 15.0.26430.6
MinimumVisualStudioVersion = 10.0.40219.1
Project("{FAE04EC0-301F-11D3-BF4B-00C04F79EFBC}") = "DemoApp03Mvvm", "DemoApp03Mvvm\DemoApp03Mvvm.csproj", "{6412A526-A9A9-4A28-A7C0-78788612C90D}"
EndProject
Project("{9A19103F-16F7-4668-BE54-9A1E7A4F7556}") = "Models", "Models\Models.csproj", "{495CC9DC-AAF8-4555-91EF-68156FB63DAF}"
EndProject
Project("{9A19103F-16F7-4668-BE54-9A1E7A4F7556}") = "Interfaces", "Interfaces\Interfaces.csproj", "{B2A7D4C6-BA14-430C-9A3A-A011A4063443}"
EndProject
Project("{9A19103F-16F7-4668-BE54-9A1E7A4F7556}") = "ViewModels", "ViewModels\ViewModels.csproj", "{FD56D252-82FF-4C45-9507-FAB89ECDFBEB}"
EndProject
Project("{9A19103F-16F7-4668-BE54-9A1E7A4F7556}") = "Services", "Services\Services.csproj", "{26A11BE6-1669-40F8-ADF3-A78DB7C1C85A}"
EndProject
Project("{2150E333-8FDC-42A3-9474-1A3956D46DE8}") = "Client", "Client", "{FA95E501-3E45-49E2-BA9A-4AC54CF9DF41}"
EndProject
Project("{2150E333-8FDC-42A3-9474-1A3956D46DE8}") = "Server", "Server", "{EABDE0FB-8AC6-4C1E-93F3-F26F58E73E20}"
EndProject
Project("{FAE04EC0-301F-11D3-BF4B-00C04F79EFBC}") = "ServerTest", "ServerTest\ServerTest.csproj", "{7650A848-D831-4D8C-91E1-1E8CDB98274F}"
EndProject
Project("{9A19103F-16F7-4668-BE54-9A1E7A4F7556}") = "ServerModels", "ServerModels\ServerModels.csproj", "{99DDEFB5-A57B-441D-878D-D849F96DF04D}"
EndProject
Project("{9A19103F-16F7-4668-BE54-9A1E7A4F7556}") = "ServerServices", "ServerServices\ServerServices.csproj", "{D617D67F-9D0D-404E-A1EF-0D974850AFDB}"
EndProject
Global
	GlobalSection(SolutionConfigurationPlatforms) = preSolution
		Debug|Any CPU = Debug|Any CPU
		Debug|ARM = Debug|ARM
		Debug|x64 = Debug|x64
		Debug|x86 = Debug|x86
		Release|Any CPU = Release|Any CPU
		Release|ARM = Release|ARM
		Release|x64 = Release|x64
		Release|x86 = Release|x86
	EndGlobalSection
	GlobalSection(ProjectConfigurationPlatforms) = postSolution
		{6412A526-A9A9-4A28-A7C0-78788612C90D}.Debug|Any CPU.ActiveCfg = Debug|x86
		{6412A526-A9A9-4A28-A7C0-78788612C90D}.Debug|ARM.ActiveCfg = Debug|ARM
		{6412A526-A9A9-4A28-A7C0-78788612C90D}.Debug|ARM.Build.0 = Debug|ARM
		{6412A526-A9A9-4A28-A7C0-78788612C90D}.Debug|ARM.Deploy.0 = Debug|ARM
		{6412A526-A9A9-4A28-A7C0-78788612C90D}.Debug|x64.ActiveCfg = Debug|x64
		{6412A526-A9A9-4A28-A7C0-78788612C90D}.Debug|x64.Build.0 = Debug|x64
		{6412A526-A9A9-4A28-A7C0-78788612C90D}.Debug|x64.Deploy.0 = Debug|x64
		{6412A526-A9A9-4A28-A7C0-78788612C90D}.Debug|x86.ActiveCfg = Debug|x86
		{6412A526-A9A9-4A28-A7C0-78788612C90D}.Debug|x86.Build.0 = Debug|x86
		{6412A526-A9A9-4A28-A7C0-78788612C90D}.Debug|x86.Deploy.0 = Debug|x86
		{6412A526-A9A9-4A28-A7C0-78788612C90D}.Release|Any CPU.ActiveCfg = Release|x86
		{6412A526-A9A9-4A28-A7C0-78788612C90D}.Release|ARM.ActiveCfg = Release|ARM
		{6412A526-A9A9-4A28-A7C0-78788612C90D}.Release|ARM.Build.0 = Release|ARM
		{6412A526-A9A9-4A28-A7C0-78788612C90D}.Release|ARM.Deploy.0 = Release|ARM
		{6412A526-A9A9-4A28-A7C0-78788612C90D}.Release|x64.ActiveCfg = Release|x64
		{6412A526-A9A9-4A28-A7C0-78788612C90D}.Release|x64.Build.0 = Release|x64
		{6412A526-A9A9-4A28-A7C0-78788612C90D}.Release|x64.Deploy.0 = Release|x64
		{6412A526-A9A9-4A28-A7C0-78788612C90D}.Release|x86.ActiveCfg = Release|x86
		{6412A526-A9A9-4A28-A7C0-78788612C90D}.Release|x86.Build.0 = Release|x86
		{6412A526-A9A9-4A28-A7C0-78788612C90D}.Release|x86.Deploy.0 = Release|x86
		{495CC9DC-AAF8-4555-91EF-68156FB63DAF}.Debug|Any CPU.ActiveCfg = Debug|Any CPU
		{495CC9DC-AAF8-4555-91EF-68156FB63DAF}.Debug|Any CPU.Build.0 = Debug|Any CPU
		{495CC9DC-AAF8-4555-91EF-68156FB63DAF}.Debug|ARM.ActiveCfg = Debug|Any CPU
		{495CC9DC-AAF8-4555-91EF-68156FB63DAF}.Debug|ARM.Build.0 = Debug|Any CPU
		{495CC9DC-AAF8-4555-91EF-68156FB63DAF}.Debug|x64.ActiveCfg = Debug|Any CPU
		{495CC9DC-AAF8-4555-91EF-68156FB63DAF}.Debug|x64.Build.0 = Debug|Any CPU
		{495CC9DC-AAF8-4555-91EF-68156FB63DAF}.Debug|x86.ActiveCfg = Debug|Any CPU
		{495CC9DC-AAF8-4555-91EF-68156FB63DAF}.Debug|x86.Build.0 = Debug|Any CPU
		{495CC9DC-AAF8-4555-91EF-68156FB63DAF}.Release|Any CPU.ActiveCfg = Release|Any CPU
		{495CC9DC-AAF8-4555-91EF-68156FB63DAF}.Release|Any CPU.Build.0 = Release|Any CPU
		{495CC9DC-AAF8-4555-91EF-68156FB63DAF}.Release|ARM.ActiveCfg = Release|Any CPU
		{495CC9DC-AAF8-4555-91EF-68156FB63DAF}.Release|ARM.Build.0 = Release|Any CPU
		{495CC9DC-AAF8-4555-91EF-68156FB63DAF}.Release|x64.ActiveCfg = Release|Any CPU
		{495CC9DC-AAF8-4555-91EF-68156FB63DAF}.Release|x64.Build.0 = Release|Any CPU
		{495CC9DC-AAF8-4555-91EF-68156FB63DAF}.Release|x86.ActiveCfg = Release|Any CPU
		{495CC9DC-AAF8-4555-91EF-68156FB63DAF}.Release|x86.Build.0 = Release|Any CPU
		{B2A7D4C6-BA14-430C-9A3A-A011A4063443}.Debug|Any CPU.ActiveCfg = Debug|Any CPU
		{B2A7D4C6-BA14-430C-9A3A-A011A4063443}.Debug|Any CPU.Build.0 = Debug|Any CPU
		{B2A7D4C6-BA14-430C-9A3A-A011A4063443}.Debug|ARM.ActiveCfg = Debug|Any CPU
		{B2A7D4C6-BA14-430C-9A3A-A011A4063443}.Debug|ARM.Build.0 = Debug|Any CPU
		{B2A7D4C6-BA14-430C-9A3A-A011A4063443}.Debug|x64.ActiveCfg = Debug|Any CPU
		{B2A7D4C6-BA14-430C-9A3A-A011A4063443}.Debug|x64.Build.0 = Debug|Any CPU
		{B2A7D4C6-BA14-430C-9A3A-A011A4063443}.Debug|x86.ActiveCfg = Debug|Any CPU
		{B2A7D4C6-BA14-430C-9A3A-A011A4063443}.Debug|x86.Build.0 = Debug|Any CPU
		{B2A7D4C6-BA14-430C-9A3A-A011A4063443}.Release|Any CPU.ActiveCfg = Release|Any CPU
		{B2A7D4C6-BA14-430C-9A3A-A011A4063443}.Release|Any CPU.Build.0 = Release|Any CPU
		{B2A7D4C6-BA14-430C-9A3A-A011A4063443}.Release|ARM.ActiveCfg = Release|Any CPU
		{B2A7D4C6-BA14-430C-9A3A-A011A4063443}.Release|ARM.Build.0 = Release|Any CPU
		{B2A7D4C6-BA14-430C-9A3A-A011A4063443}.Release|x64.ActiveCfg = Release|Any CPU
		{B2A7D4C6-BA14-430C-9A3A-A011A4063443}.Release|x64.Build.0 = Release|Any CPU
		{B2A7D4C6-BA14-430C-9A3A-A011A4063443}.Release|x86.ActiveCfg = Release|Any CPU
		{B2A7D4C6-BA14-430C-9A3A-A011A4063443}.Release|x86.Build.0 = Release|Any CPU
		{FD56D252-82FF-4C45-9507-FAB89ECDFBEB}.Debug|Any CPU.ActiveCfg = Debug|Any CPU
		{FD56D252-82FF-4C45-9507-FAB89ECDFBEB}.Debug|Any CPU.Build.0 = Debug|Any CPU
		{FD56D252-82FF-4C45-9507-FAB89ECDFBEB}.Debug|ARM.ActiveCfg = Debug|Any CPU
		{FD56D252-82FF-4C45-9507-FAB89ECDFBEB}.Debug|ARM.Build.0 = Debug|Any CPU
		{FD56D252-82FF-4C45-9507-FAB89ECDFBEB}.Debug|x64.ActiveCfg = Debug|Any CPU
		{FD56D252-82FF-4C45-9507-FAB89ECDFBEB}.Debug|x64.Build.0 = Debug|Any CPU
		{FD56D252-82FF-4C45-9507-FAB89ECDFBEB}.Debug|x86.ActiveCfg = Debug|Any CPU
		{FD56D252-82FF-4C45-9507-FAB89ECDFBEB}.Debug|x86.Build.0 = Debug|Any CPU
		{FD56D252-82FF-4C45-9507-FAB89ECDFBEB}.Release|Any CPU.ActiveCfg = Release|Any CPU
		{FD56D252-82FF-4C45-9507-FAB89ECDFBEB}.Release|Any CPU.Build.0 = Release|Any CPU
		{FD56D252-82FF-4C45-9507-FAB89ECDFBEB}.Release|ARM.ActiveCfg = Release|Any CPU
		{FD56D252-82FF-4C45-9507-FAB89ECDFBEB}.Release|ARM.Build.0 = Release|Any CPU
		{FD56D252-82FF-4C45-9507-FAB89ECDFBEB}.Release|x64.ActiveCfg = Release|Any CPU
		{FD56D252-82FF-4C45-9507-FAB89ECDFBEB}.Release|x64.Build.0 = Release|Any CPU
		{FD56D252-82FF-4C45-9507-FAB89ECDFBEB}.Release|x86.ActiveCfg = Release|Any CPU
		{FD56D252-82FF-4C45-9507-FAB89ECDFBEB}.Release|x86.Build.0 = Release|Any CPU
		{26A11BE6-1669-40F8-ADF3-A78DB7C1C85A}.Debug|Any CPU.ActiveCfg = Debug|Any CPU
		{26A11BE6-1669-40F8-ADF3-A78DB7C1C85A}.Debug|Any CPU.Build.0 = Debug|Any CPU
		{26A11BE6-1669-40F8-ADF3-A78DB7C1C85A}.Debug|ARM.ActiveCfg = Debug|Any CPU
		{26A11BE6-1669-40F8-ADF3-A78DB7C1C85A}.Debug|ARM.Build.0 = Debug|Any CPU
		{26A11BE6-1669-40F8-ADF3-A78DB7C1C85A}.Debug|x64.ActiveCfg = Debug|Any CPU
		{26A11BE6-1669-40F8-ADF3-A78DB7C1C85A}.Debug|x64.Build.0 = Debug|Any CPU
		{26A11BE6-1669-40F8-ADF3-A78DB7C1C85A}.Debug|x86.ActiveCfg = Debug|Any CPU
		{26A11BE6-1669-40F8-ADF3-A78DB7C1C85A}.Debug|x86.Build.0 = Debug|Any CPU
		{26A11BE6-1669-40F8-ADF3-A78DB7C1C85A}.Release|Any CPU.ActiveCfg = Release|Any CPU
		{26A11BE6-1669-40F8-ADF3-A78DB7C1C85A}.Release|Any CPU.Build.0 = Release|Any CPU
		{26A11BE6-1669-40F8-ADF3-A78DB7C1C85A}.Release|ARM.ActiveCfg = Release|Any CPU
		{26A11BE6-1669-40F8-ADF3-A78DB7C1C85A}.Release|ARM.Build.0 = Release|Any CPU
		{26A11BE6-1669-40F8-ADF3-A78DB7C1C85A}.Release|x64.ActiveCfg = Release|Any CPU
		{26A11BE6-1669-40F8-ADF3-A78DB7C1C85A}.Release|x64.Build.0 = Release|Any CPU
		{26A11BE6-1669-40F8-ADF3-A78DB7C1C85A}.Release|x86.ActiveCfg = Release|Any CPU
		{26A11BE6-1669-40F8-ADF3-A78DB7C1C85A}.Release|x86.Build.0 = Release|Any CPU
		{7650A848-D831-4D8C-91E1-1E8CDB98274F}.Debug|Any CPU.ActiveCfg = Debug|Any CPU
		{7650A848-D831-4D8C-91E1-1E8CDB98274F}.Debug|Any CPU.Build.0 = Debug|Any CPU
		{7650A848-D831-4D8C-91E1-1E8CDB98274F}.Debug|ARM.ActiveCfg = Debug|Any CPU
		{7650A848-D831-4D8C-91E1-1E8CDB98274F}.Debug|ARM.Build.0 = Debug|Any CPU
		{7650A848-D831-4D8C-91E1-1E8CDB98274F}.Debug|x64.ActiveCfg = Debug|Any CPU
		{7650A848-D831-4D8C-91E1-1E8CDB98274F}.Debug|x64.Build.0 = Debug|Any CPU
		{7650A848-D831-4D8C-91E1-1E8CDB98274F}.Debug|x86.ActiveCfg = Debug|Any CPU
		{7650A848-D831-4D8C-91E1-1E8CDB98274F}.Debug|x86.Build.0 = Debug|Any CPU
		{7650A848-D831-4D8C-91E1-1E8CDB98274F}.Release|Any CPU.ActiveCfg = Release|Any CPU
		{7650A848-D831-4D8C-91E1-1E8CDB98274F}.Release|Any CPU.Build.0 = Release|Any CPU
		{7650A848-D831-4D8C-91E1-1E8CDB98274F}.Release|ARM.ActiveCfg = Release|Any CPU
		{7650A848-D831-4D8C-91E1-1E8CDB98274F}.Release|ARM.Build.0 = Release|Any CPU
		{7650A848-D831-4D8C-91E1-1E8CDB98274F}.Release|x64.ActiveCfg = Release|Any CPU
		{7650A848-D831-4D8C-91E1-1E8CDB98274F}.Release|x64.Build.0 = Release|Any CPU
		{7650A848-D831-4D8C-91E1-1E8CDB98274F}.Release|x86.ActiveCfg = Release|Any CPU
		{7650A848-D831-4D8C-91E1-1E8CDB98274F}.Release|x86.Build.0 = Release|Any CPU
		{99DDEFB5-A57B-441D-878D-D849F96DF04D}.Debug|Any CPU.ActiveCfg = Debug|Any CPU
		{99DDEFB5-A57B-441D-878D-D849F96DF04D}.Debug|Any CPU.Build.0 = Debug|Any CPU
		{99DDEFB5-A57B-441D-878D-D849F96DF04D}.Debug|ARM.ActiveCfg = Debug|Any CPU
		{99DDEFB5-A57B-441D-878D-D849F96DF04D}.Debug|ARM.Build.0 = Debug|Any CPU
		{99DDEFB5-A57B-441D-878D-D849F96DF04D}.Debug|x64.ActiveCfg = Debug|Any CPU
		{99DDEFB5-A57B-441D-878D-D849F96DF04D}.Debug|x64.Build.0 = Debug|Any CPU
		{99DDEFB5-A57B-441D-878D-D849F96DF04D}.Debug|x86.ActiveCfg = Debug|Any CPU
		{99DDEFB5-A57B-441D-878D-D849F96DF04D}.Debug|x86.Build.0 = Debug|Any CPU
		{99DDEFB5-A57B-441D-878D-D849F96DF04D}.Release|Any CPU.ActiveCfg = Release|Any CPU
		{99DDEFB5-A57B-441D-878D-D849F96DF04D}.Release|Any CPU.Build.0 = Release|Any CPU
		{99DDEFB5-A57B-441D-878D-D849F96DF04D}.Release|ARM.ActiveCfg = Release|Any CPU
		{99DDEFB5-A57B-441D-878D-D849F96DF04D}.Release|ARM.Build.0 = Release|Any CPU
		{99DDEFB5-A57B-441D-878D-D849F96DF04D}.Release|x64.ActiveCfg = Release|Any CPU
		{99DDEFB5-A57B-441D-878D-D849F96DF04D}.Release|x64.Build.0 = Release|Any CPU
		{99DDEFB5-A57B-441D-878D-D849F96DF04D}.Release|x86.ActiveCfg = Release|Any CPU
		{99DDEFB5-A57B-441D-878D-D849F96DF04D}.Release|x86.Build.0 = Release|Any CPU
		{D617D67F-9D0D-404E-A1EF-0D974850AFDB}.Debug|Any CPU.ActiveCfg = Debug|Any CPU
		{D617D67F-9D0D-404E-A1EF-0D974850AFDB}.Debug|Any CPU.Build.0 = Debug|Any CPU
		{D617D67F-9D0D-404E-A1EF-0D974850AFDB}.Debug|ARM.ActiveCfg = Debug|Any CPU
		{D617D67F-9D0D-404E-A1EF-0D974850AFDB}.Debug|ARM.Build.0 = Debug|Any CPU
		{D617D67F-9D0D-404E-A1EF-0D974850AFDB}.Debug|x64.ActiveCfg = Debug|Any CPU
		{D617D67F-9D0D-404E-A1EF-0D974850AFDB}.Debug|x64.Build.0 = Debug|Any CPU
		{D617D67F-9D0D-404E-A1EF-0D974850AFDB}.Debug|x86.ActiveCfg = Debug|Any CPU
		{D617D67F-9D0D-404E-A1EF-0D974850AFDB}.Debug|x86.Build.0 = Debug|Any CPU
		{D617D67F-9D0D-404E-A1EF-0D974850AFDB}.Release|Any CPU.ActiveCfg = Release|Any CPU
		{D617D67F-9D0D-404E-A1EF-0D974850AFDB}.Release|Any CPU.Build.0 = Release|Any CPU
		{D617D67F-9D0D-404E-A1EF-0D974850AFDB}.Release|ARM.ActiveCfg = Release|Any CPU
		{D617D67F-9D0D-404E-A1EF-0D974850AFDB}.Release|ARM.Build.0 = Release|Any CPU
		{D617D67F-9D0D-404E-A1EF-0D974850AFDB}.Release|x64.ActiveCfg = Release|Any CPU
		{D617D67F-9D0D-404E-A1EF-0D974850AFDB}.Release|x64.Build.0 = Release|Any CPU
		{D617D67F-9D0D-404E-A1EF-0D974850AFDB}.Release|x86.ActiveCfg = Release|Any CPU
		{D617D67F-9D0D-404E-A1EF-0D974850AFDB}.Release|x86.Build.0 = Release|Any CPU
	EndGlobalSection
	GlobalSection(SolutionProperties) = preSolution
		HideSolutionNode = FALSE
	EndGlobalSection
	GlobalSection(NestedProjects) = preSolution
		{6412A526-A9A9-4A28-A7C0-78788612C90D} = {FA95E501-3E45-49E2-BA9A-4AC54CF9DF41}
		{495CC9DC-AAF8-4555-91EF-68156FB63DAF} = {FA95E501-3E45-49E2-BA9A-4AC54CF9DF41}
		{B2A7D4C6-BA14-430C-9A3A-A011A4063443} = {FA95E501-3E45-49E2-BA9A-4AC54CF9DF41}
		{FD56D252-82FF-4C45-9507-FAB89ECDFBEB} = {FA95E501-3E45-49E2-BA9A-4AC54CF9DF41}
		{26A11BE6-1669-40F8-ADF3-A78DB7C1C85A} = {FA95E501-3E45-49E2-BA9A-4AC54CF9DF41}
		{7650A848-D831-4D8C-91E1-1E8CDB98274F} = {EABDE0FB-8AC6-4C1E-93F3-F26F58E73E20}
		{99DDEFB5-A57B-441D-878D-D849F96DF04D} = {EABDE0FB-8AC6-4C1E-93F3-F26F58E73E20}
		{D617D67F-9D0D-404E-A1EF-0D974850AFDB} = {EABDE0FB-8AC6-4C1E-93F3-F26F58E73E20}
	EndGlobalSection
EndGlobal
