
Microsoft Visual Studio Solution File, Format Version 12.00
# Visual Studio 15
VisualStudioVersion = 15.0.26430.6
MinimumVisualStudioVersion = 10.0.40219.1
Project("{2150E333-8FDC-42A3-9474-1A3956D46DE8}") = "Server", "Server", "{EABDE0FB-8AC6-4C1E-93F3-F26F58E73E20}"
EndProject
Project("{9A19103F-16F7-4668-BE54-9A1E7A4F7556}") = "ServerTest", "ServerTest\ServerTest.csproj", "{7650A848-D831-4D8C-91E1-1E8CDB98274F}"
EndProject
Project("{9A19103F-16F7-4668-BE54-9A1E7A4F7556}") = "ServerModels", "ServerModels\ServerModels.csproj", "{99DDEFB5-A57B-441D-878D-D849F96DF04D}"
EndProject
Project("{9A19103F-16F7-4668-BE54-9A1E7A4F7556}") = "ServerServices", "ServerServices\ServerServices.csproj", "{D617D67F-9D0D-404E-A1EF-0D974850AFDB}"
EndProject
Project("{9A19103F-16F7-4668-BE54-9A1E7A4F7556}") = "WebService", "WebService\WebService.csproj", "{A0E0CC42-561C-4200-9F98-A88199CBDBEA}"
EndProject
Global
	GlobalSection(SolutionConfigurationPlatforms) = preSolution
		Debug|Any CPU = Debug|Any CPU
		Debug|ARM = Debug|ARM
		Debug|x64 = Debug|x64
		Debug|x86 = Debug|x86
		Release|Any CPU = Release|Any CPU
		Release|ARM = Release|ARM
		Release|x64 = Release|x64
		Release|x86 = Release|x86
	EndGlobalSection
	GlobalSection(ProjectConfigurationPlatforms) = postSolution
		{7650A848-D831-4D8C-91E1-1E8CDB98274F}.Debug|Any CPU.ActiveCfg = Debug|Any CPU
		{7650A848-D831-4D8C-91E1-1E8CDB98274F}.Debug|Any CPU.Build.0 = Debug|Any CPU
		{7650A848-D831-4D8C-91E1-1E8CDB98274F}.Debug|ARM.ActiveCfg = Debug|Any CPU
		{7650A848-D831-4D8C-91E1-1E8CDB98274F}.Debug|ARM.Build.0 = Debug|Any CPU
		{7650A848-D831-4D8C-91E1-1E8CDB98274F}.Debug|x64.ActiveCfg = Debug|Any CPU
		{7650A848-D831-4D8C-91E1-1E8CDB98274F}.Debug|x64.Build.0 = Debug|Any CPU
		{7650A848-D831-4D8C-91E1-1E8CDB98274F}.Debug|x86.ActiveCfg = Debug|Any CPU
		{7650A848-D831-4D8C-91E1-1E8CDB98274F}.Debug|x86.Build.0 = Debug|Any CPU
		{7650A848-D831-4D8C-91E1-1E8CDB98274F}.Release|Any CPU.ActiveCfg = Release|Any CPU
		{7650A848-D831-4D8C-91E1-1E8CDB98274F}.Release|Any CPU.Build.0 = Release|Any CPU
		{7650A848-D831-4D8C-91E1-1E8CDB98274F}.Release|ARM.ActiveCfg = Release|Any CPU
		{7650A848-D831-4D8C-91E1-1E8CDB98274F}.Release|ARM.Build.0 = Release|Any CPU
		{7650A848-D831-4D8C-91E1-1E8CDB98274F}.Release|x64.ActiveCfg = Release|Any CPU
		{7650A848-D831-4D8C-91E1-1E8CDB98274F}.Release|x64.Build.0 = Release|Any CPU
		{7650A848-D831-4D8C-91E1-1E8CDB98274F}.Release|x86.ActiveCfg = Release|Any CPU
		{7650A848-D831-4D8C-91E1-1E8CDB98274F}.Release|x86.Build.0 = Release|Any CPU
		{99DDEFB5-A57B-441D-878D-D849F96DF04D}.Debug|Any CPU.ActiveCfg = Debug|Any CPU
		{99DDEFB5-A57B-441D-878D-D849F96DF04D}.Debug|Any CPU.Build.0 = Debug|Any CPU
		{99DDEFB5-A57B-441D-878D-D849F96DF04D}.Debug|ARM.ActiveCfg = Debug|Any CPU
		{99DDEFB5-A57B-441D-878D-D849F96DF04D}.Debug|ARM.Build.0 = Debug|Any CPU
		{99DDEFB5-A57B-441D-878D-D849F96DF04D}.Debug|x64.ActiveCfg = Debug|Any CPU
		{99DDEFB5-A57B-441D-878D-D849F96DF04D}.Debug|x64.Build.0 = Debug|Any CPU
		{99DDEFB5-A57B-441D-878D-D849F96DF04D}.Debug|x86.ActiveCfg = Debug|Any CPU
		{99DDEFB5-A57B-441D-878D-D849F96DF04D}.Debug|x86.Build.0 = Debug|Any CPU
		{99DDEFB5-A57B-441D-878D-D849F96DF04D}.Release|Any CPU.ActiveCfg = Release|Any CPU
		{99DDEFB5-A57B-441D-878D-D849F96DF04D}.Release|Any CPU.Build.0 = Release|Any CPU
		{99DDEFB5-A57B-441D-878D-D849F96DF04D}.Release|ARM.ActiveCfg = Release|Any CPU
		{99DDEFB5-A57B-441D-878D-D849F96DF04D}.Release|ARM.Build.0 = Release|Any CPU
		{99DDEFB5-A57B-441D-878D-D849F96DF04D}.Release|x64.ActiveCfg = Release|Any CPU
		{99DDEFB5-A57B-441D-878D-D849F96DF04D}.Release|x64.Build.0 = Release|Any CPU
		{99DDEFB5-A57B-441D-878D-D849F96DF04D}.Release|x86.ActiveCfg = Release|Any CPU
		{99DDEFB5-A57B-441D-878D-D849F96DF04D}.Release|x86.Build.0 = Release|Any CPU
		{D617D67F-9D0D-404E-A1EF-0D974850AFDB}.Debug|Any CPU.ActiveCfg = Debug|Any CPU
		{D617D67F-9D0D-404E-A1EF-0D974850AFDB}.Debug|Any CPU.Build.0 = Debug|Any CPU
		{D617D67F-9D0D-404E-A1EF-0D974850AFDB}.Debug|ARM.ActiveCfg = Debug|Any CPU
		{D617D67F-9D0D-404E-A1EF-0D974850AFDB}.Debug|ARM.Build.0 = Debug|Any CPU
		{D617D67F-9D0D-404E-A1EF-0D974850AFDB}.Debug|x64.ActiveCfg = Debug|Any CPU
		{D617D67F-9D0D-404E-A1EF-0D974850AFDB}.Debug|x64.Build.0 = Debug|Any CPU
		{D617D67F-9D0D-404E-A1EF-0D974850AFDB}.Debug|x86.ActiveCfg = Debug|Any CPU
		{D617D67F-9D0D-404E-A1EF-0D974850AFDB}.Debug|x86.Build.0 = Debug|Any CPU
		{D617D67F-9D0D-404E-A1EF-0D974850AFDB}.Release|Any CPU.ActiveCfg = Release|Any CPU
		{D617D67F-9D0D-404E-A1EF-0D974850AFDB}.Release|Any CPU.Build.0 = Release|Any CPU
		{D617D67F-9D0D-404E-A1EF-0D974850AFDB}.Release|ARM.ActiveCfg = Release|Any CPU
		{D617D67F-9D0D-404E-A1EF-0D974850AFDB}.Release|ARM.Build.0 = Release|Any CPU
		{D617D67F-9D0D-404E-A1EF-0D974850AFDB}.Release|x64.ActiveCfg = Release|Any CPU
		{D617D67F-9D0D-404E-A1EF-0D974850AFDB}.Release|x64.Build.0 = Release|Any CPU
		{D617D67F-9D0D-404E-A1EF-0D974850AFDB}.Release|x86.ActiveCfg = Release|Any CPU
		{D617D67F-9D0D-404E-A1EF-0D974850AFDB}.Release|x86.Build.0 = Release|Any CPU
		{A0E0CC42-561C-4200-9F98-A88199CBDBEA}.Debug|Any CPU.ActiveCfg = Debug|Any CPU
		{A0E0CC42-561C-4200-9F98-A88199CBDBEA}.Debug|Any CPU.Build.0 = Debug|Any CPU
		{A0E0CC42-561C-4200-9F98-A88199CBDBEA}.Debug|ARM.ActiveCfg = Debug|Any CPU
		{A0E0CC42-561C-4200-9F98-A88199CBDBEA}.Debug|ARM.Build.0 = Debug|Any CPU
		{A0E0CC42-561C-4200-9F98-A88199CBDBEA}.Debug|x64.ActiveCfg = Debug|Any CPU
		{A0E0CC42-561C-4200-9F98-A88199CBDBEA}.Debug|x64.Build.0 = Debug|Any CPU
		{A0E0CC42-561C-4200-9F98-A88199CBDBEA}.Debug|x86.ActiveCfg = Debug|Any CPU
		{A0E0CC42-561C-4200-9F98-A88199CBDBEA}.Debug|x86.Build.0 = Debug|Any CPU
		{A0E0CC42-561C-4200-9F98-A88199CBDBEA}.Release|Any CPU.ActiveCfg = Release|Any CPU
		{A0E0CC42-561C-4200-9F98-A88199CBDBEA}.Release|Any CPU.Build.0 = Release|Any CPU
		{A0E0CC42-561C-4200-9F98-A88199CBDBEA}.Release|ARM.ActiveCfg = Release|Any CPU
		{A0E0CC42-561C-4200-9F98-A88199CBDBEA}.Release|ARM.Build.0 = Release|Any CPU
		{A0E0CC42-561C-4200-9F98-A88199CBDBEA}.Release|x64.ActiveCfg = Release|Any CPU
		{A0E0CC42-561C-4200-9F98-A88199CBDBEA}.Release|x64.Build.0 = Release|Any CPU
		{A0E0CC42-561C-4200-9F98-A88199CBDBEA}.Release|x86.ActiveCfg = Release|Any CPU
		{A0E0CC42-561C-4200-9F98-A88199CBDBEA}.Release|x86.Build.0 = Release|Any CPU
	EndGlobalSection
	GlobalSection(SolutionProperties) = preSolution
		HideSolutionNode = FALSE
	EndGlobalSection
	GlobalSection(NestedProjects) = preSolution
		{7650A848-D831-4D8C-91E1-1E8CDB98274F} = {EABDE0FB-8AC6-4C1E-93F3-F26F58E73E20}
		{99DDEFB5-A57B-441D-878D-D849F96DF04D} = {EABDE0FB-8AC6-4C1E-93F3-F26F58E73E20}
		{D617D67F-9D0D-404E-A1EF-0D974850AFDB} = {EABDE0FB-8AC6-4C1E-93F3-F26F58E73E20}
		{A0E0CC42-561C-4200-9F98-A88199CBDBEA} = {EABDE0FB-8AC6-4C1E-93F3-F26F58E73E20}
	EndGlobalSection
EndGlobal
